
Microsoft Visual Studio Solution File, Format Version 12.00
# Visual Studio Version 16
VisualStudioVersion = 16.0.31515.178
MinimumVisualStudioVersion = 10.0.40219.1
Project("{2150E333-8FDC-42A3-9474-1A3956D46DE8}") = "Console", "Console", "{5323FEF0-0DFC-4881-B57B-BF9024C7BF9B}"
EndProject
Project("{2150E333-8FDC-42A3-9474-1A3956D46DE8}") = "Web", "Web", "{5D739283-D925-4F6C-B7A2-64459E50405E}"
EndProject
Project("{2150E333-8FDC-42A3-9474-1A3956D46DE8}") = "SimpleChatWebApp", "SimpleChatWebApp", "{9335AC7A-1C21-44AD-8817-C127DEFFD24F}"
EndProject
Project("{FAE04EC0-301F-11D3-BF4B-00C04F79EFBC}") = "SignalRChat.WebApp", "SimpleChatWebApp\SignalRChat.WebApp\SignalRChat.WebApp.csproj", "{9130AC4C-E148-4E97-81AA-4FD834F5DDD6}"
EndProject
Project("{2150E333-8FDC-42A3-9474-1A3956D46DE8}") = "Configuration", "Configuration", "{74A641A7-24A2-4782-A959-F5FAA515C17C}"
EndProject
Project("{2150E333-8FDC-42A3-9474-1A3956D46DE8}") = "MetadataWebApp", "MetadataWebApp", "{52C56D45-BA43-4201-BE8C-9EDF9BDD6A13}"
EndProject
Project("{9A19103F-16F7-4668-BE54-9A1E7A4F7556}") = "Metadata.WebApp", "MetadataWebApp\Metadata.WebApp\Metadata.WebApp.csproj", "{9C0B4C17-9EA6-4EC1-90D6-AD4E4BB55D02}"
EndProject
Project("{9A19103F-16F7-4668-BE54-9A1E7A4F7556}") = "RoleGame.ScopedContext", "DependencyInjection\RoleGame.ScopedContext\RoleGame.ScopedContext.csproj", "{D70AAAE8-5EE9-4B60-9712-B407FD2DB40C}"
EndProject
Project("{2150E333-8FDC-42A3-9474-1A3956D46DE8}") = "DependencyInjection", "DependencyInjection", "{480D7FEC-B1A3-4AD3-8757-DC28EABE2AF7}"
EndProject
Project("{9A19103F-16F7-4668-BE54-9A1E7A4F7556}") = "RoleGame.CustomizeMef", "DependencyInjection\RoleGame.CustomizeMef\RoleGame.CustomizeMef.csproj", "{F311887A-C168-4503-A444-2EE83A036425}"
EndProject
Project("{9A19103F-16F7-4668-BE54-9A1E7A4F7556}") = "Calculator.AllowMultiple", "DependencyInjection\Calculator.AllowMultiple\Calculator.AllowMultiple.csproj", "{3D6113E3-1953-4137-BC1A-5F9BBFD43F23}"
EndProject
Project("{2150E333-8FDC-42A3-9474-1A3956D46DE8}") = "AppLifecycle", "AppLifecycle", "{78DFE156-56D1-4CF3-8935-AC3443E76BB6}"
EndProject
Project("{9A19103F-16F7-4668-BE54-9A1E7A4F7556}") = "ConsoleColor.DisableFeature", "AppLifecycle\ConsoleColor.DisableFeature\ConsoleColor.DisableFeature.csproj", "{C5ED0FF5-9300-4900-A260-8050CC57DAD6}"
EndProject
Project("{9A19103F-16F7-4668-BE54-9A1E7A4F7556}") = "ConsoleSettings.JsonConfiguration", "Configuration\ConsoleSettings.JsonConfiguration\ConsoleSettings.JsonConfiguration.csproj", "{5A4771BA-D37F-4FAA-ABD2-8EB78C78E474}"
EndProject
Global
	GlobalSection(SolutionConfigurationPlatforms) = preSolution
		Debug|Any CPU = Debug|Any CPU
		Release|Any CPU = Release|Any CPU
	EndGlobalSection
	GlobalSection(ProjectConfigurationPlatforms) = postSolution
		{9130AC4C-E148-4E97-81AA-4FD834F5DDD6}.Debug|Any CPU.ActiveCfg = Debug|Any CPU
		{9130AC4C-E148-4E97-81AA-4FD834F5DDD6}.Debug|Any CPU.Build.0 = Debug|Any CPU
		{9130AC4C-E148-4E97-81AA-4FD834F5DDD6}.Release|Any CPU.ActiveCfg = Release|Any CPU
		{9130AC4C-E148-4E97-81AA-4FD834F5DDD6}.Release|Any CPU.Build.0 = Release|Any CPU
		{9C0B4C17-9EA6-4EC1-90D6-AD4E4BB55D02}.Debug|Any CPU.ActiveCfg = Debug|Any CPU
		{9C0B4C17-9EA6-4EC1-90D6-AD4E4BB55D02}.Debug|Any CPU.Build.0 = Debug|Any CPU
		{9C0B4C17-9EA6-4EC1-90D6-AD4E4BB55D02}.Release|Any CPU.ActiveCfg = Release|Any CPU
		{9C0B4C17-9EA6-4EC1-90D6-AD4E4BB55D02}.Release|Any CPU.Build.0 = Release|Any CPU
		{D70AAAE8-5EE9-4B60-9712-B407FD2DB40C}.Debug|Any CPU.ActiveCfg = Debug|Any CPU
		{D70AAAE8-5EE9-4B60-9712-B407FD2DB40C}.Debug|Any CPU.Build.0 = Debug|Any CPU
		{D70AAAE8-5EE9-4B60-9712-B407FD2DB40C}.Release|Any CPU.ActiveCfg = Release|Any CPU
		{D70AAAE8-5EE9-4B60-9712-B407FD2DB40C}.Release|Any CPU.Build.0 = Release|Any CPU
		{F311887A-C168-4503-A444-2EE83A036425}.Debug|Any CPU.ActiveCfg = Debug|Any CPU
		{F311887A-C168-4503-A444-2EE83A036425}.Debug|Any CPU.Build.0 = Debug|Any CPU
		{F311887A-C168-4503-A444-2EE83A036425}.Release|Any CPU.ActiveCfg = Release|Any CPU
		{F311887A-C168-4503-A444-2EE83A036425}.Release|Any CPU.Build.0 = Release|Any CPU
		{3D6113E3-1953-4137-BC1A-5F9BBFD43F23}.Debug|Any CPU.ActiveCfg = Debug|Any CPU
		{3D6113E3-1953-4137-BC1A-5F9BBFD43F23}.Debug|Any CPU.Build.0 = Debug|Any CPU
		{3D6113E3-1953-4137-BC1A-5F9BBFD43F23}.Release|Any CPU.ActiveCfg = Release|Any CPU
		{3D6113E3-1953-4137-BC1A-5F9BBFD43F23}.Release|Any CPU.Build.0 = Release|Any CPU
		{C5ED0FF5-9300-4900-A260-8050CC57DAD6}.Debug|Any CPU.ActiveCfg = Debug|Any CPU
		{C5ED0FF5-9300-4900-A260-8050CC57DAD6}.Debug|Any CPU.Build.0 = Debug|Any CPU
		{C5ED0FF5-9300-4900-A260-8050CC57DAD6}.Release|Any CPU.ActiveCfg = Release|Any CPU
		{C5ED0FF5-9300-4900-A260-8050CC57DAD6}.Release|Any CPU.Build.0 = Release|Any CPU
		{5A4771BA-D37F-4FAA-ABD2-8EB78C78E474}.Debug|Any CPU.ActiveCfg = Debug|Any CPU
		{5A4771BA-D37F-4FAA-ABD2-8EB78C78E474}.Debug|Any CPU.Build.0 = Debug|Any CPU
		{5A4771BA-D37F-4FAA-ABD2-8EB78C78E474}.Release|Any CPU.ActiveCfg = Release|Any CPU
		{5A4771BA-D37F-4FAA-ABD2-8EB78C78E474}.Release|Any CPU.Build.0 = Release|Any CPU
	EndGlobalSection
	GlobalSection(SolutionProperties) = preSolution
		HideSolutionNode = FALSE
	EndGlobalSection
	GlobalSection(NestedProjects) = preSolution
		{9335AC7A-1C21-44AD-8817-C127DEFFD24F} = {5D739283-D925-4F6C-B7A2-64459E50405E}
		{9130AC4C-E148-4E97-81AA-4FD834F5DDD6} = {9335AC7A-1C21-44AD-8817-C127DEFFD24F}
		{74A641A7-24A2-4782-A959-F5FAA515C17C} = {5323FEF0-0DFC-4881-B57B-BF9024C7BF9B}
		{52C56D45-BA43-4201-BE8C-9EDF9BDD6A13} = {5D739283-D925-4F6C-B7A2-64459E50405E}
		{9C0B4C17-9EA6-4EC1-90D6-AD4E4BB55D02} = {52C56D45-BA43-4201-BE8C-9EDF9BDD6A13}
		{D70AAAE8-5EE9-4B60-9712-B407FD2DB40C} = {480D7FEC-B1A3-4AD3-8757-DC28EABE2AF7}
		{480D7FEC-B1A3-4AD3-8757-DC28EABE2AF7} = {5323FEF0-0DFC-4881-B57B-BF9024C7BF9B}
		{F311887A-C168-4503-A444-2EE83A036425} = {480D7FEC-B1A3-4AD3-8757-DC28EABE2AF7}
		{3D6113E3-1953-4137-BC1A-5F9BBFD43F23} = {480D7FEC-B1A3-4AD3-8757-DC28EABE2AF7}
		{78DFE156-56D1-4CF3-8935-AC3443E76BB6} = {5323FEF0-0DFC-4881-B57B-BF9024C7BF9B}
		{C5ED0FF5-9300-4900-A260-8050CC57DAD6} = {78DFE156-56D1-4CF3-8935-AC3443E76BB6}
		{5A4771BA-D37F-4FAA-ABD2-8EB78C78E474} = {74A641A7-24A2-4782-A959-F5FAA515C17C}
	EndGlobalSection
	GlobalSection(ExtensibilityGlobals) = postSolution
		SolutionGuid = {B337414D-EBA0-4DCD-9CC5-3F736C99372C}
	EndGlobalSection
EndGlobal
