
Microsoft Visual Studio Solution File, Format Version 12.00
# Visual Studio 14
VisualStudioVersion = 14.0.24720.0
MinimumVisualStudioVersion = 10.0.40219.1
Project("{FAE04EC0-301F-11D3-BF4B-00C04F79EFBC}") = "ProjectAssistant.App.Console", "ProjectAssistant.App.Console\ProjectAssistant.App.Console.csproj", "{C6519F40-00FF-4C36-955F-619B070CCD46}"
EndProject
Project("{FAE04EC0-301F-11D3-BF4B-00C04F79EFBC}") = "ProjectAssistant.ProjectManagement.Domain", "ProjectAssistant.ProjectManagement.Domain\ProjectAssistant.ProjectManagement.Domain.csproj", "{25B98F23-2D2F-4DCC-9044-09FA652F5C2E}"
EndProject
Project("{FAE04EC0-301F-11D3-BF4B-00C04F79EFBC}") = "ProjectAssistant.Contacts.Domain", "ProjectAssistant.Contacts.Domain\ProjectAssistant.Contacts.Domain.csproj", "{88BF7CB5-89A4-427E-88FB-C275C9394EC4}"
EndProject
Global
	GlobalSection(SolutionConfigurationPlatforms) = preSolution
		Debug|Any CPU = Debug|Any CPU
		Release|Any CPU = Release|Any CPU
	EndGlobalSection
	GlobalSection(ProjectConfigurationPlatforms) = postSolution
		{C6519F40-00FF-4C36-955F-619B070CCD46}.Debug|Any CPU.ActiveCfg = Debug|Any CPU
		{C6519F40-00FF-4C36-955F-619B070CCD46}.Debug|Any CPU.Build.0 = Debug|Any CPU
		{C6519F40-00FF-4C36-955F-619B070CCD46}.Release|Any CPU.ActiveCfg = Release|Any CPU
		{C6519F40-00FF-4C36-955F-619B070CCD46}.Release|Any CPU.Build.0 = Release|Any CPU
		{25B98F23-2D2F-4DCC-9044-09FA652F5C2E}.Debug|Any CPU.ActiveCfg = Debug|Any CPU
		{25B98F23-2D2F-4DCC-9044-09FA652F5C2E}.Debug|Any CPU.Build.0 = Debug|Any CPU
		{25B98F23-2D2F-4DCC-9044-09FA652F5C2E}.Release|Any CPU.ActiveCfg = Release|Any CPU
		{25B98F23-2D2F-4DCC-9044-09FA652F5C2E}.Release|Any CPU.Build.0 = Release|Any CPU
		{88BF7CB5-89A4-427E-88FB-C275C9394EC4}.Debug|Any CPU.ActiveCfg = Debug|Any CPU
		{88BF7CB5-89A4-427E-88FB-C275C9394EC4}.Debug|Any CPU.Build.0 = Debug|Any CPU
		{88BF7CB5-89A4-427E-88FB-C275C9394EC4}.Release|Any CPU.ActiveCfg = Release|Any CPU
		{88BF7CB5-89A4-427E-88FB-C275C9394EC4}.Release|Any CPU.Build.0 = Release|Any CPU
	EndGlobalSection
	GlobalSection(SolutionProperties) = preSolution
		HideSolutionNode = FALSE
	EndGlobalSection
EndGlobal
