
Microsoft Visual Studio Solution File, Format Version 12.00
# Visual Studio 14
VisualStudioVersion = 14.0.23107.0
MinimumVisualStudioVersion = 10.0.40219.1
Project("{FAE04EC0-301F-11D3-BF4B-00C04F79EFBC}") = "Kephas.Core", "Kephas.Core\Kephas.Core.csproj", "{84122862-C5DD-4460-A9F5-925D623B22D7}"
EndProject
Project("{FAE04EC0-301F-11D3-BF4B-00C04F79EFBC}") = "Kephas.Composition.Mef", "Kephas.Composition.Mef\Kephas.Composition.Mef.csproj", "{DDF3A0CC-87BA-4FB6-A416-8C26513DC930}"
EndProject
Project("{2150E333-8FDC-42A3-9474-1A3956D46DE8}") = "Tests", "Tests", "{3895D686-B03E-4334-AC41-238FBD4A3D3B}"
EndProject
Project("{FAE04EC0-301F-11D3-BF4B-00C04F79EFBC}") = "Kephas.Composition.Mef.Tests", "Tests\Kephas.Composition.Mef.Tests\Kephas.Composition.Mef.Tests.csproj", "{00AA79CC-8F5F-46E3-917F-2C2340A00BFB}"
EndProject
Project("{FAE04EC0-301F-11D3-BF4B-00C04F79EFBC}") = "Kephas.Core.Tests", "Tests\Kephas.Core.Tests\Kephas.Core.Tests.csproj", "{E60205F0-BFF6-4A5E-814B-28CFEB629C2C}"
EndProject
Project("{FAE04EC0-301F-11D3-BF4B-00C04F79EFBC}") = "Kephas.Logging.NLog", "Kephas.Logging.NLog\Kephas.Logging.NLog.csproj", "{E00367F4-F5D7-481A-8B41-E959313E0CD1}"
EndProject
Project("{2150E333-8FDC-42A3-9474-1A3956D46DE8}") = "Examples", "Examples", "{EB3F7463-BF29-4125-ACDC-86E5720B4D5B}"
EndProject
Project("{2150E333-8FDC-42A3-9474-1A3956D46DE8}") = "Documentation", "Documentation", "{1F6C9DDF-FA68-40FF-B8D7-933CBEA19D48}"
	ProjectSection(SolutionItems) = preProject
		Documentation\Kephas.Core.docx = Documentation\Kephas.Core.docx
	EndProjectSection
EndProject
Project("{FAE04EC0-301F-11D3-BF4B-00C04F79EFBC}") = "Kephas.Model", "Kephas.Model\Kephas.Model.csproj", "{74EB78FC-C8A4-4E6B-9329-1C5060A0FA2A}"
EndProject
Project("{FAE04EC0-301F-11D3-BF4B-00C04F79EFBC}") = "Kephas.Model.Tests", "Tests\Kephas.Model.Tests\Kephas.Model.Tests.csproj", "{F148B21B-D58B-485C-9276-960511EA87CC}"
EndProject
Project("{FAE04EC0-301F-11D3-BF4B-00C04F79EFBC}") = "Kephas.Data", "Kephas.Data\Kephas.Data.csproj", "{87C40E7F-A56B-4A80-A2FF-53C15C947726}"
EndProject
Project("{2150E333-8FDC-42A3-9474-1A3956D46DE8}") = "Shared", "Shared", "{2F3117DF-523E-43EC-8F1F-CD98AAB5CF13}"
	ProjectSection(SolutionItems) = preProject
		Shared\AssemblyInfo.Core-Packaging.cs = Shared\AssemblyInfo.Core-Packaging.cs
		Shared\AssemblyInfo.Core.cs = Shared\AssemblyInfo.Core.cs
	EndProjectSection
EndProject
Project("{FAE04EC0-301F-11D3-BF4B-00C04F79EFBC}") = "Kephas.Data.Tests", "Tests\Kephas.Data.Tests\Kephas.Data.Tests.csproj", "{2CA5A98B-B8A1-4B99-A079-1E413E293EEF}"
EndProject
Project("{FAE04EC0-301F-11D3-BF4B-00C04F79EFBC}") = "Kephas.Messaging", "Kephas.Messaging\Kephas.Messaging.csproj", "{2FF10EBB-E3A7-449F-B903-2D8B65E96258}"
EndProject
Project("{FAE04EC0-301F-11D3-BF4B-00C04F79EFBC}") = "Kephas.Messaging.Tests", "Tests\Kephas.Messaging.Tests\Kephas.Messaging.Tests.csproj", "{C53152CC-098F-4EB0-85AE-76355DFE3BFA}"
EndProject
Project("{FAE04EC0-301F-11D3-BF4B-00C04F79EFBC}") = "Kephas.Serialization.Json", "Kephas.Serialization.Json\Kephas.Serialization.Json.csproj", "{888AD15D-828C-4566-86A5-CBC16A61F917}"
EndProject
Project("{FAE04EC0-301F-11D3-BF4B-00C04F79EFBC}") = "Kephas.Serialization.Json.Tests", "Tests\Kephas.Serialization.Json.Tests\Kephas.Serialization.Json.Tests.csproj", "{2DDB370E-0863-40A8-9396-38CBA0B0D159}"
EndProject
Project("{FAE04EC0-301F-11D3-BF4B-00C04F79EFBC}") = "Kephas.Hosting.Net45", "Kephas.Hosting.Net45\Kephas.Hosting.Net45.csproj", "{2C37C693-0034-4C71-93AB-30A1A0DD1DB3}"
EndProject
Project("{FAE04EC0-301F-11D3-BF4B-00C04F79EFBC}") = "Kephas.Hosting.WindowsPlatform", "Kephas.Hosting.WindowsPlatform\Kephas.Hosting.WindowsPlatform.csproj", "{DCD0E5C7-0E5A-4EFD-8D5E-91469BEE4EEC}"
EndProject
Project("{2150E333-8FDC-42A3-9474-1A3956D46DE8}") = "ToDoList", "ToDoList", "{101A745C-51EB-45AB-A787-0A9539A94628}"
EndProject
Project("{2150E333-8FDC-42A3-9474-1A3956D46DE8}") = "ConsoleApp", "ConsoleApp", "{A6FDF050-C412-4030-9E08-739BAEBE646F}"
EndProject
Project("{FAE04EC0-301F-11D3-BF4B-00C04F79EFBC}") = "ConsoleApp", "Examples\ToDoList\ConsoleApp\ConsoleApp.csproj", "{8DED745E-0F73-429A-9A32-B3AA5AB2C0AD}"
EndProject
Global
	GlobalSection(SolutionConfigurationPlatforms) = preSolution
		Debug|Any CPU = Debug|Any CPU
		Debug|ARM = Debug|ARM
		Debug|x64 = Debug|x64
		Debug|x86 = Debug|x86
		Release|Any CPU = Release|Any CPU
		Release|ARM = Release|ARM
		Release|x64 = Release|x64
		Release|x86 = Release|x86
	EndGlobalSection
	GlobalSection(ProjectConfigurationPlatforms) = postSolution
		{84122862-C5DD-4460-A9F5-925D623B22D7}.Debug|Any CPU.ActiveCfg = Debug|Any CPU
		{84122862-C5DD-4460-A9F5-925D623B22D7}.Debug|Any CPU.Build.0 = Debug|Any CPU
		{84122862-C5DD-4460-A9F5-925D623B22D7}.Debug|ARM.ActiveCfg = Debug|Any CPU
		{84122862-C5DD-4460-A9F5-925D623B22D7}.Debug|x64.ActiveCfg = Debug|Any CPU
		{84122862-C5DD-4460-A9F5-925D623B22D7}.Debug|x86.ActiveCfg = Debug|Any CPU
		{84122862-C5DD-4460-A9F5-925D623B22D7}.Release|Any CPU.ActiveCfg = Release|Any CPU
		{84122862-C5DD-4460-A9F5-925D623B22D7}.Release|Any CPU.Build.0 = Release|Any CPU
		{84122862-C5DD-4460-A9F5-925D623B22D7}.Release|ARM.ActiveCfg = Release|Any CPU
		{84122862-C5DD-4460-A9F5-925D623B22D7}.Release|x64.ActiveCfg = Release|Any CPU
		{84122862-C5DD-4460-A9F5-925D623B22D7}.Release|x86.ActiveCfg = Release|Any CPU
		{DDF3A0CC-87BA-4FB6-A416-8C26513DC930}.Debug|Any CPU.ActiveCfg = Debug|Any CPU
		{DDF3A0CC-87BA-4FB6-A416-8C26513DC930}.Debug|Any CPU.Build.0 = Debug|Any CPU
		{DDF3A0CC-87BA-4FB6-A416-8C26513DC930}.Debug|ARM.ActiveCfg = Debug|Any CPU
		{DDF3A0CC-87BA-4FB6-A416-8C26513DC930}.Debug|x64.ActiveCfg = Debug|Any CPU
		{DDF3A0CC-87BA-4FB6-A416-8C26513DC930}.Debug|x86.ActiveCfg = Debug|Any CPU
		{DDF3A0CC-87BA-4FB6-A416-8C26513DC930}.Release|Any CPU.ActiveCfg = Release|Any CPU
		{DDF3A0CC-87BA-4FB6-A416-8C26513DC930}.Release|Any CPU.Build.0 = Release|Any CPU
		{DDF3A0CC-87BA-4FB6-A416-8C26513DC930}.Release|ARM.ActiveCfg = Release|Any CPU
		{DDF3A0CC-87BA-4FB6-A416-8C26513DC930}.Release|x64.ActiveCfg = Release|Any CPU
		{DDF3A0CC-87BA-4FB6-A416-8C26513DC930}.Release|x86.ActiveCfg = Release|Any CPU
		{00AA79CC-8F5F-46E3-917F-2C2340A00BFB}.Debug|Any CPU.ActiveCfg = Debug|Any CPU
		{00AA79CC-8F5F-46E3-917F-2C2340A00BFB}.Debug|Any CPU.Build.0 = Debug|Any CPU
		{00AA79CC-8F5F-46E3-917F-2C2340A00BFB}.Debug|ARM.ActiveCfg = Debug|Any CPU
		{00AA79CC-8F5F-46E3-917F-2C2340A00BFB}.Debug|x64.ActiveCfg = Debug|Any CPU
		{00AA79CC-8F5F-46E3-917F-2C2340A00BFB}.Debug|x86.ActiveCfg = Debug|Any CPU
		{00AA79CC-8F5F-46E3-917F-2C2340A00BFB}.Release|Any CPU.ActiveCfg = Release|Any CPU
		{00AA79CC-8F5F-46E3-917F-2C2340A00BFB}.Release|Any CPU.Build.0 = Release|Any CPU
		{00AA79CC-8F5F-46E3-917F-2C2340A00BFB}.Release|ARM.ActiveCfg = Release|Any CPU
		{00AA79CC-8F5F-46E3-917F-2C2340A00BFB}.Release|x64.ActiveCfg = Release|Any CPU
		{00AA79CC-8F5F-46E3-917F-2C2340A00BFB}.Release|x86.ActiveCfg = Release|Any CPU
		{E60205F0-BFF6-4A5E-814B-28CFEB629C2C}.Debug|Any CPU.ActiveCfg = Debug|Any CPU
		{E60205F0-BFF6-4A5E-814B-28CFEB629C2C}.Debug|Any CPU.Build.0 = Debug|Any CPU
		{E60205F0-BFF6-4A5E-814B-28CFEB629C2C}.Debug|ARM.ActiveCfg = Debug|Any CPU
		{E60205F0-BFF6-4A5E-814B-28CFEB629C2C}.Debug|x64.ActiveCfg = Debug|Any CPU
		{E60205F0-BFF6-4A5E-814B-28CFEB629C2C}.Debug|x86.ActiveCfg = Debug|Any CPU
		{E60205F0-BFF6-4A5E-814B-28CFEB629C2C}.Release|Any CPU.ActiveCfg = Release|Any CPU
		{E60205F0-BFF6-4A5E-814B-28CFEB629C2C}.Release|Any CPU.Build.0 = Release|Any CPU
		{E60205F0-BFF6-4A5E-814B-28CFEB629C2C}.Release|ARM.ActiveCfg = Release|Any CPU
		{E60205F0-BFF6-4A5E-814B-28CFEB629C2C}.Release|x64.ActiveCfg = Release|Any CPU
		{E60205F0-BFF6-4A5E-814B-28CFEB629C2C}.Release|x86.ActiveCfg = Release|Any CPU
		{E00367F4-F5D7-481A-8B41-E959313E0CD1}.Debug|Any CPU.ActiveCfg = Debug|Any CPU
		{E00367F4-F5D7-481A-8B41-E959313E0CD1}.Debug|Any CPU.Build.0 = Debug|Any CPU
		{E00367F4-F5D7-481A-8B41-E959313E0CD1}.Debug|ARM.ActiveCfg = Debug|Any CPU
		{E00367F4-F5D7-481A-8B41-E959313E0CD1}.Debug|x64.ActiveCfg = Debug|Any CPU
		{E00367F4-F5D7-481A-8B41-E959313E0CD1}.Debug|x86.ActiveCfg = Debug|Any CPU
		{E00367F4-F5D7-481A-8B41-E959313E0CD1}.Release|Any CPU.ActiveCfg = Release|Any CPU
		{E00367F4-F5D7-481A-8B41-E959313E0CD1}.Release|Any CPU.Build.0 = Release|Any CPU
		{E00367F4-F5D7-481A-8B41-E959313E0CD1}.Release|ARM.ActiveCfg = Release|Any CPU
		{E00367F4-F5D7-481A-8B41-E959313E0CD1}.Release|x64.ActiveCfg = Release|Any CPU
		{E00367F4-F5D7-481A-8B41-E959313E0CD1}.Release|x86.ActiveCfg = Release|Any CPU
		{74EB78FC-C8A4-4E6B-9329-1C5060A0FA2A}.Debug|Any CPU.ActiveCfg = Debug|Any CPU
		{74EB78FC-C8A4-4E6B-9329-1C5060A0FA2A}.Debug|Any CPU.Build.0 = Debug|Any CPU
		{74EB78FC-C8A4-4E6B-9329-1C5060A0FA2A}.Debug|ARM.ActiveCfg = Debug|Any CPU
		{74EB78FC-C8A4-4E6B-9329-1C5060A0FA2A}.Debug|x64.ActiveCfg = Debug|Any CPU
		{74EB78FC-C8A4-4E6B-9329-1C5060A0FA2A}.Debug|x86.ActiveCfg = Debug|Any CPU
		{74EB78FC-C8A4-4E6B-9329-1C5060A0FA2A}.Release|Any CPU.ActiveCfg = Release|Any CPU
		{74EB78FC-C8A4-4E6B-9329-1C5060A0FA2A}.Release|Any CPU.Build.0 = Release|Any CPU
		{74EB78FC-C8A4-4E6B-9329-1C5060A0FA2A}.Release|ARM.ActiveCfg = Release|Any CPU
		{74EB78FC-C8A4-4E6B-9329-1C5060A0FA2A}.Release|x64.ActiveCfg = Release|Any CPU
		{74EB78FC-C8A4-4E6B-9329-1C5060A0FA2A}.Release|x86.ActiveCfg = Release|Any CPU
		{F148B21B-D58B-485C-9276-960511EA87CC}.Debug|Any CPU.ActiveCfg = Debug|Any CPU
		{F148B21B-D58B-485C-9276-960511EA87CC}.Debug|Any CPU.Build.0 = Debug|Any CPU
		{F148B21B-D58B-485C-9276-960511EA87CC}.Debug|ARM.ActiveCfg = Debug|Any CPU
		{F148B21B-D58B-485C-9276-960511EA87CC}.Debug|x64.ActiveCfg = Debug|Any CPU
		{F148B21B-D58B-485C-9276-960511EA87CC}.Debug|x86.ActiveCfg = Debug|Any CPU
		{F148B21B-D58B-485C-9276-960511EA87CC}.Release|Any CPU.ActiveCfg = Release|Any CPU
		{F148B21B-D58B-485C-9276-960511EA87CC}.Release|Any CPU.Build.0 = Release|Any CPU
		{F148B21B-D58B-485C-9276-960511EA87CC}.Release|ARM.ActiveCfg = Release|Any CPU
		{F148B21B-D58B-485C-9276-960511EA87CC}.Release|x64.ActiveCfg = Release|Any CPU
		{F148B21B-D58B-485C-9276-960511EA87CC}.Release|x86.ActiveCfg = Release|Any CPU
		{87C40E7F-A56B-4A80-A2FF-53C15C947726}.Debug|Any CPU.ActiveCfg = Debug|Any CPU
		{87C40E7F-A56B-4A80-A2FF-53C15C947726}.Debug|Any CPU.Build.0 = Debug|Any CPU
		{87C40E7F-A56B-4A80-A2FF-53C15C947726}.Debug|ARM.ActiveCfg = Debug|Any CPU
		{87C40E7F-A56B-4A80-A2FF-53C15C947726}.Debug|x64.ActiveCfg = Debug|Any CPU
		{87C40E7F-A56B-4A80-A2FF-53C15C947726}.Debug|x86.ActiveCfg = Debug|Any CPU
		{87C40E7F-A56B-4A80-A2FF-53C15C947726}.Release|Any CPU.ActiveCfg = Release|Any CPU
		{87C40E7F-A56B-4A80-A2FF-53C15C947726}.Release|Any CPU.Build.0 = Release|Any CPU
		{87C40E7F-A56B-4A80-A2FF-53C15C947726}.Release|ARM.ActiveCfg = Release|Any CPU
		{87C40E7F-A56B-4A80-A2FF-53C15C947726}.Release|x64.ActiveCfg = Release|Any CPU
		{87C40E7F-A56B-4A80-A2FF-53C15C947726}.Release|x86.ActiveCfg = Release|Any CPU
		{2CA5A98B-B8A1-4B99-A079-1E413E293EEF}.Debug|Any CPU.ActiveCfg = Debug|Any CPU
		{2CA5A98B-B8A1-4B99-A079-1E413E293EEF}.Debug|Any CPU.Build.0 = Debug|Any CPU
		{2CA5A98B-B8A1-4B99-A079-1E413E293EEF}.Debug|ARM.ActiveCfg = Debug|Any CPU
		{2CA5A98B-B8A1-4B99-A079-1E413E293EEF}.Debug|ARM.Build.0 = Debug|Any CPU
		{2CA5A98B-B8A1-4B99-A079-1E413E293EEF}.Debug|x64.ActiveCfg = Debug|Any CPU
		{2CA5A98B-B8A1-4B99-A079-1E413E293EEF}.Debug|x64.Build.0 = Debug|Any CPU
		{2CA5A98B-B8A1-4B99-A079-1E413E293EEF}.Debug|x86.ActiveCfg = Debug|Any CPU
		{2CA5A98B-B8A1-4B99-A079-1E413E293EEF}.Debug|x86.Build.0 = Debug|Any CPU
		{2CA5A98B-B8A1-4B99-A079-1E413E293EEF}.Release|Any CPU.ActiveCfg = Release|Any CPU
		{2CA5A98B-B8A1-4B99-A079-1E413E293EEF}.Release|Any CPU.Build.0 = Release|Any CPU
		{2CA5A98B-B8A1-4B99-A079-1E413E293EEF}.Release|ARM.ActiveCfg = Release|Any CPU
		{2CA5A98B-B8A1-4B99-A079-1E413E293EEF}.Release|ARM.Build.0 = Release|Any CPU
		{2CA5A98B-B8A1-4B99-A079-1E413E293EEF}.Release|x64.ActiveCfg = Release|Any CPU
		{2CA5A98B-B8A1-4B99-A079-1E413E293EEF}.Release|x64.Build.0 = Release|Any CPU
		{2CA5A98B-B8A1-4B99-A079-1E413E293EEF}.Release|x86.ActiveCfg = Release|Any CPU
		{2CA5A98B-B8A1-4B99-A079-1E413E293EEF}.Release|x86.Build.0 = Release|Any CPU
		{2FF10EBB-E3A7-449F-B903-2D8B65E96258}.Debug|Any CPU.ActiveCfg = Debug|Any CPU
		{2FF10EBB-E3A7-449F-B903-2D8B65E96258}.Debug|Any CPU.Build.0 = Debug|Any CPU
		{2FF10EBB-E3A7-449F-B903-2D8B65E96258}.Debug|ARM.ActiveCfg = Debug|Any CPU
		{2FF10EBB-E3A7-449F-B903-2D8B65E96258}.Debug|ARM.Build.0 = Debug|Any CPU
		{2FF10EBB-E3A7-449F-B903-2D8B65E96258}.Debug|x64.ActiveCfg = Debug|Any CPU
		{2FF10EBB-E3A7-449F-B903-2D8B65E96258}.Debug|x64.Build.0 = Debug|Any CPU
		{2FF10EBB-E3A7-449F-B903-2D8B65E96258}.Debug|x86.ActiveCfg = Debug|Any CPU
		{2FF10EBB-E3A7-449F-B903-2D8B65E96258}.Debug|x86.Build.0 = Debug|Any CPU
		{2FF10EBB-E3A7-449F-B903-2D8B65E96258}.Release|Any CPU.ActiveCfg = Release|Any CPU
		{2FF10EBB-E3A7-449F-B903-2D8B65E96258}.Release|Any CPU.Build.0 = Release|Any CPU
		{2FF10EBB-E3A7-449F-B903-2D8B65E96258}.Release|ARM.ActiveCfg = Release|Any CPU
		{2FF10EBB-E3A7-449F-B903-2D8B65E96258}.Release|ARM.Build.0 = Release|Any CPU
		{2FF10EBB-E3A7-449F-B903-2D8B65E96258}.Release|x64.ActiveCfg = Release|Any CPU
		{2FF10EBB-E3A7-449F-B903-2D8B65E96258}.Release|x64.Build.0 = Release|Any CPU
		{2FF10EBB-E3A7-449F-B903-2D8B65E96258}.Release|x86.ActiveCfg = Release|Any CPU
		{2FF10EBB-E3A7-449F-B903-2D8B65E96258}.Release|x86.Build.0 = Release|Any CPU
		{C53152CC-098F-4EB0-85AE-76355DFE3BFA}.Debug|Any CPU.ActiveCfg = Debug|Any CPU
		{C53152CC-098F-4EB0-85AE-76355DFE3BFA}.Debug|Any CPU.Build.0 = Debug|Any CPU
		{C53152CC-098F-4EB0-85AE-76355DFE3BFA}.Debug|ARM.ActiveCfg = Debug|Any CPU
		{C53152CC-098F-4EB0-85AE-76355DFE3BFA}.Debug|ARM.Build.0 = Debug|Any CPU
		{C53152CC-098F-4EB0-85AE-76355DFE3BFA}.Debug|x64.ActiveCfg = Debug|Any CPU
		{C53152CC-098F-4EB0-85AE-76355DFE3BFA}.Debug|x64.Build.0 = Debug|Any CPU
		{C53152CC-098F-4EB0-85AE-76355DFE3BFA}.Debug|x86.ActiveCfg = Debug|Any CPU
		{C53152CC-098F-4EB0-85AE-76355DFE3BFA}.Debug|x86.Build.0 = Debug|Any CPU
		{C53152CC-098F-4EB0-85AE-76355DFE3BFA}.Release|Any CPU.ActiveCfg = Release|Any CPU
		{C53152CC-098F-4EB0-85AE-76355DFE3BFA}.Release|Any CPU.Build.0 = Release|Any CPU
		{C53152CC-098F-4EB0-85AE-76355DFE3BFA}.Release|ARM.ActiveCfg = Release|Any CPU
		{C53152CC-098F-4EB0-85AE-76355DFE3BFA}.Release|ARM.Build.0 = Release|Any CPU
		{C53152CC-098F-4EB0-85AE-76355DFE3BFA}.Release|x64.ActiveCfg = Release|Any CPU
		{C53152CC-098F-4EB0-85AE-76355DFE3BFA}.Release|x64.Build.0 = Release|Any CPU
		{C53152CC-098F-4EB0-85AE-76355DFE3BFA}.Release|x86.ActiveCfg = Release|Any CPU
		{C53152CC-098F-4EB0-85AE-76355DFE3BFA}.Release|x86.Build.0 = Release|Any CPU
		{888AD15D-828C-4566-86A5-CBC16A61F917}.Debug|Any CPU.ActiveCfg = Debug|Any CPU
		{888AD15D-828C-4566-86A5-CBC16A61F917}.Debug|Any CPU.Build.0 = Debug|Any CPU
		{888AD15D-828C-4566-86A5-CBC16A61F917}.Debug|ARM.ActiveCfg = Debug|Any CPU
		{888AD15D-828C-4566-86A5-CBC16A61F917}.Debug|ARM.Build.0 = Debug|Any CPU
		{888AD15D-828C-4566-86A5-CBC16A61F917}.Debug|x64.ActiveCfg = Debug|Any CPU
		{888AD15D-828C-4566-86A5-CBC16A61F917}.Debug|x64.Build.0 = Debug|Any CPU
		{888AD15D-828C-4566-86A5-CBC16A61F917}.Debug|x86.ActiveCfg = Debug|Any CPU
		{888AD15D-828C-4566-86A5-CBC16A61F917}.Debug|x86.Build.0 = Debug|Any CPU
		{888AD15D-828C-4566-86A5-CBC16A61F917}.Release|Any CPU.ActiveCfg = Release|Any CPU
		{888AD15D-828C-4566-86A5-CBC16A61F917}.Release|Any CPU.Build.0 = Release|Any CPU
		{888AD15D-828C-4566-86A5-CBC16A61F917}.Release|ARM.ActiveCfg = Release|Any CPU
		{888AD15D-828C-4566-86A5-CBC16A61F917}.Release|ARM.Build.0 = Release|Any CPU
		{888AD15D-828C-4566-86A5-CBC16A61F917}.Release|x64.ActiveCfg = Release|Any CPU
		{888AD15D-828C-4566-86A5-CBC16A61F917}.Release|x64.Build.0 = Release|Any CPU
		{888AD15D-828C-4566-86A5-CBC16A61F917}.Release|x86.ActiveCfg = Release|Any CPU
		{888AD15D-828C-4566-86A5-CBC16A61F917}.Release|x86.Build.0 = Release|Any CPU
		{2DDB370E-0863-40A8-9396-38CBA0B0D159}.Debug|Any CPU.ActiveCfg = Debug|Any CPU
		{2DDB370E-0863-40A8-9396-38CBA0B0D159}.Debug|Any CPU.Build.0 = Debug|Any CPU
		{2DDB370E-0863-40A8-9396-38CBA0B0D159}.Debug|ARM.ActiveCfg = Debug|Any CPU
		{2DDB370E-0863-40A8-9396-38CBA0B0D159}.Debug|ARM.Build.0 = Debug|Any CPU
		{2DDB370E-0863-40A8-9396-38CBA0B0D159}.Debug|x64.ActiveCfg = Debug|Any CPU
		{2DDB370E-0863-40A8-9396-38CBA0B0D159}.Debug|x64.Build.0 = Debug|Any CPU
		{2DDB370E-0863-40A8-9396-38CBA0B0D159}.Debug|x86.ActiveCfg = Debug|Any CPU
		{2DDB370E-0863-40A8-9396-38CBA0B0D159}.Debug|x86.Build.0 = Debug|Any CPU
		{2DDB370E-0863-40A8-9396-38CBA0B0D159}.Release|Any CPU.ActiveCfg = Release|Any CPU
		{2DDB370E-0863-40A8-9396-38CBA0B0D159}.Release|Any CPU.Build.0 = Release|Any CPU
		{2DDB370E-0863-40A8-9396-38CBA0B0D159}.Release|ARM.ActiveCfg = Release|Any CPU
		{2DDB370E-0863-40A8-9396-38CBA0B0D159}.Release|ARM.Build.0 = Release|Any CPU
		{2DDB370E-0863-40A8-9396-38CBA0B0D159}.Release|x64.ActiveCfg = Release|Any CPU
		{2DDB370E-0863-40A8-9396-38CBA0B0D159}.Release|x64.Build.0 = Release|Any CPU
		{2DDB370E-0863-40A8-9396-38CBA0B0D159}.Release|x86.ActiveCfg = Release|Any CPU
		{2DDB370E-0863-40A8-9396-38CBA0B0D159}.Release|x86.Build.0 = Release|Any CPU
		{2C37C693-0034-4C71-93AB-30A1A0DD1DB3}.Debug|Any CPU.ActiveCfg = Debug|Any CPU
		{2C37C693-0034-4C71-93AB-30A1A0DD1DB3}.Debug|Any CPU.Build.0 = Debug|Any CPU
		{2C37C693-0034-4C71-93AB-30A1A0DD1DB3}.Debug|ARM.ActiveCfg = Debug|Any CPU
		{2C37C693-0034-4C71-93AB-30A1A0DD1DB3}.Debug|ARM.Build.0 = Debug|Any CPU
		{2C37C693-0034-4C71-93AB-30A1A0DD1DB3}.Debug|x64.ActiveCfg = Debug|Any CPU
		{2C37C693-0034-4C71-93AB-30A1A0DD1DB3}.Debug|x64.Build.0 = Debug|Any CPU
		{2C37C693-0034-4C71-93AB-30A1A0DD1DB3}.Debug|x86.ActiveCfg = Debug|Any CPU
		{2C37C693-0034-4C71-93AB-30A1A0DD1DB3}.Debug|x86.Build.0 = Debug|Any CPU
		{2C37C693-0034-4C71-93AB-30A1A0DD1DB3}.Release|Any CPU.ActiveCfg = Release|Any CPU
		{2C37C693-0034-4C71-93AB-30A1A0DD1DB3}.Release|Any CPU.Build.0 = Release|Any CPU
		{2C37C693-0034-4C71-93AB-30A1A0DD1DB3}.Release|ARM.ActiveCfg = Release|Any CPU
		{2C37C693-0034-4C71-93AB-30A1A0DD1DB3}.Release|ARM.Build.0 = Release|Any CPU
		{2C37C693-0034-4C71-93AB-30A1A0DD1DB3}.Release|x64.ActiveCfg = Release|Any CPU
		{2C37C693-0034-4C71-93AB-30A1A0DD1DB3}.Release|x64.Build.0 = Release|Any CPU
		{2C37C693-0034-4C71-93AB-30A1A0DD1DB3}.Release|x86.ActiveCfg = Release|Any CPU
		{2C37C693-0034-4C71-93AB-30A1A0DD1DB3}.Release|x86.Build.0 = Release|Any CPU
		{DCD0E5C7-0E5A-4EFD-8D5E-91469BEE4EEC}.Debug|Any CPU.ActiveCfg = Debug|Any CPU
		{DCD0E5C7-0E5A-4EFD-8D5E-91469BEE4EEC}.Debug|Any CPU.Build.0 = Debug|Any CPU
		{DCD0E5C7-0E5A-4EFD-8D5E-91469BEE4EEC}.Debug|ARM.ActiveCfg = Debug|ARM
		{DCD0E5C7-0E5A-4EFD-8D5E-91469BEE4EEC}.Debug|ARM.Build.0 = Debug|ARM
		{DCD0E5C7-0E5A-4EFD-8D5E-91469BEE4EEC}.Debug|x64.ActiveCfg = Debug|x64
		{DCD0E5C7-0E5A-4EFD-8D5E-91469BEE4EEC}.Debug|x64.Build.0 = Debug|x64
		{DCD0E5C7-0E5A-4EFD-8D5E-91469BEE4EEC}.Debug|x86.ActiveCfg = Debug|x86
		{DCD0E5C7-0E5A-4EFD-8D5E-91469BEE4EEC}.Debug|x86.Build.0 = Debug|x86
		{DCD0E5C7-0E5A-4EFD-8D5E-91469BEE4EEC}.Release|Any CPU.ActiveCfg = Release|Any CPU
		{DCD0E5C7-0E5A-4EFD-8D5E-91469BEE4EEC}.Release|Any CPU.Build.0 = Release|Any CPU
		{DCD0E5C7-0E5A-4EFD-8D5E-91469BEE4EEC}.Release|ARM.ActiveCfg = Release|ARM
		{DCD0E5C7-0E5A-4EFD-8D5E-91469BEE4EEC}.Release|ARM.Build.0 = Release|ARM
		{DCD0E5C7-0E5A-4EFD-8D5E-91469BEE4EEC}.Release|x64.ActiveCfg = Release|x64
		{DCD0E5C7-0E5A-4EFD-8D5E-91469BEE4EEC}.Release|x64.Build.0 = Release|x64
		{DCD0E5C7-0E5A-4EFD-8D5E-91469BEE4EEC}.Release|x86.ActiveCfg = Release|x86
		{DCD0E5C7-0E5A-4EFD-8D5E-91469BEE4EEC}.Release|x86.Build.0 = Release|x86
		{8DED745E-0F73-429A-9A32-B3AA5AB2C0AD}.Debug|Any CPU.ActiveCfg = Debug|Any CPU
		{8DED745E-0F73-429A-9A32-B3AA5AB2C0AD}.Debug|Any CPU.Build.0 = Debug|Any CPU
		{8DED745E-0F73-429A-9A32-B3AA5AB2C0AD}.Debug|ARM.ActiveCfg = Debug|Any CPU
		{8DED745E-0F73-429A-9A32-B3AA5AB2C0AD}.Debug|ARM.Build.0 = Debug|Any CPU
		{8DED745E-0F73-429A-9A32-B3AA5AB2C0AD}.Debug|x64.ActiveCfg = Debug|Any CPU
		{8DED745E-0F73-429A-9A32-B3AA5AB2C0AD}.Debug|x64.Build.0 = Debug|Any CPU
		{8DED745E-0F73-429A-9A32-B3AA5AB2C0AD}.Debug|x86.ActiveCfg = Debug|Any CPU
		{8DED745E-0F73-429A-9A32-B3AA5AB2C0AD}.Debug|x86.Build.0 = Debug|Any CPU
		{8DED745E-0F73-429A-9A32-B3AA5AB2C0AD}.Release|Any CPU.ActiveCfg = Release|Any CPU
		{8DED745E-0F73-429A-9A32-B3AA5AB2C0AD}.Release|Any CPU.Build.0 = Release|Any CPU
		{8DED745E-0F73-429A-9A32-B3AA5AB2C0AD}.Release|ARM.ActiveCfg = Release|Any CPU
		{8DED745E-0F73-429A-9A32-B3AA5AB2C0AD}.Release|ARM.Build.0 = Release|Any CPU
		{8DED745E-0F73-429A-9A32-B3AA5AB2C0AD}.Release|x64.ActiveCfg = Release|Any CPU
		{8DED745E-0F73-429A-9A32-B3AA5AB2C0AD}.Release|x64.Build.0 = Release|Any CPU
		{8DED745E-0F73-429A-9A32-B3AA5AB2C0AD}.Release|x86.ActiveCfg = Release|Any CPU
		{8DED745E-0F73-429A-9A32-B3AA5AB2C0AD}.Release|x86.Build.0 = Release|Any CPU
	EndGlobalSection
	GlobalSection(SolutionProperties) = preSolution
		HideSolutionNode = FALSE
	EndGlobalSection
	GlobalSection(NestedProjects) = preSolution
		{00AA79CC-8F5F-46E3-917F-2C2340A00BFB} = {3895D686-B03E-4334-AC41-238FBD4A3D3B}
		{E60205F0-BFF6-4A5E-814B-28CFEB629C2C} = {3895D686-B03E-4334-AC41-238FBD4A3D3B}
		{F148B21B-D58B-485C-9276-960511EA87CC} = {3895D686-B03E-4334-AC41-238FBD4A3D3B}
		{2CA5A98B-B8A1-4B99-A079-1E413E293EEF} = {3895D686-B03E-4334-AC41-238FBD4A3D3B}
		{C53152CC-098F-4EB0-85AE-76355DFE3BFA} = {3895D686-B03E-4334-AC41-238FBD4A3D3B}
		{2DDB370E-0863-40A8-9396-38CBA0B0D159} = {3895D686-B03E-4334-AC41-238FBD4A3D3B}
		{101A745C-51EB-45AB-A787-0A9539A94628} = {EB3F7463-BF29-4125-ACDC-86E5720B4D5B}
		{A6FDF050-C412-4030-9E08-739BAEBE646F} = {101A745C-51EB-45AB-A787-0A9539A94628}
		{8DED745E-0F73-429A-9A32-B3AA5AB2C0AD} = {A6FDF050-C412-4030-9E08-739BAEBE646F}
	EndGlobalSection
EndGlobal
