
Microsoft Visual Studio Solution File, Format Version 12.00
# Visual Studio 14
VisualStudioVersion = 14.0.24720.0
MinimumVisualStudioVersion = 10.0.40219.1
Project("{FAE04EC0-301F-11D3-BF4B-00C04F79EFBC}") = "Kephas.Core", "Kephas.Core\Kephas.Core.csproj", "{42523208-F30B-46C1-99FB-A1A1E079614C}"
EndProject
Project("{2150E333-8FDC-42A3-9474-1A3956D46DE8}") = "Shared", "Shared", "{ECCB2F9D-7095-4708-9725-87CACE62C7F7}"
	ProjectSection(SolutionItems) = preProject
		Shared\AssemblyInfo.Kephas.cs = Shared\AssemblyInfo.Kephas.cs
	EndProjectSection
EndProject
Project("{2150E333-8FDC-42A3-9474-1A3956D46DE8}") = "Tests", "Tests", "{816692E7-24DC-46B5-97FB-D314B52D815D}"
EndProject
Project("{FAE04EC0-301F-11D3-BF4B-00C04F79EFBC}") = "Kephas.Core.Tests", "Tests\Kephas.Core.Tests\Kephas.Core.Tests.csproj", "{6DCFD4C6-26FA-46F0-A959-16D9ACB40DD0}"
EndProject
Project("{2150E333-8FDC-42A3-9474-1A3956D46DE8}") = "NuGetPackagers", "NuGetPackagers", "{A04BD083-1979-4E91-A6DD-91B6666DCCC2}"
EndProject
Project("{FAE04EC0-301F-11D3-BF4B-00C04F79EFBC}") = "Kephas.Core.NuGet.Packager", "NuGetPackagers\Kephas.Core.NuGet.Packager\Kephas.Core.NuGet.Packager.csproj", "{0451BAEF-DF2E-4B98-8644-94EE9415E389}"
	ProjectSection(ProjectDependencies) = postProject
		{42523208-F30B-46C1-99FB-A1A1E079614C} = {42523208-F30B-46C1-99FB-A1A1E079614C}
	EndProjectSection
EndProject
Project("{FAE04EC0-301F-11D3-BF4B-00C04F79EFBC}") = "Kephas.Composition.Mef", "Kephas.Composition.Mef\Kephas.Composition.Mef.csproj", "{32FA6130-DDF0-4D2F-8057-A38EF9ED3D49}"
EndProject
Project("{FAE04EC0-301F-11D3-BF4B-00C04F79EFBC}") = "Kephas.Composition.Mef.Tests", "Tests\Kephas.Composition.Mef.Tests\Kephas.Composition.Mef.Tests.csproj", "{AF177881-80C4-4D2F-9D5E-761938918641}"
EndProject
Project("{FAE04EC0-301F-11D3-BF4B-00C04F79EFBC}") = "Kephas.Composition.Mef.NuGet.Packager", "NuGetPackagers\Kephas.Composition.Mef.NuGet.Packager\Kephas.Composition.Mef.NuGet.Packager.csproj", "{1C608C7A-F80C-4593-B40B-3C70A9824A7D}"
	ProjectSection(ProjectDependencies) = postProject
		{32FA6130-DDF0-4D2F-8057-A38EF9ED3D49} = {32FA6130-DDF0-4D2F-8057-A38EF9ED3D49}
	EndProjectSection
EndProject
Project("{FAE04EC0-301F-11D3-BF4B-00C04F79EFBC}") = "Kephas.Messaging", "Kephas.Messaging\Kephas.Messaging.csproj", "{1B8691E7-C070-4EBA-B999-DE4989589409}"
EndProject
Project("{FAE04EC0-301F-11D3-BF4B-00C04F79EFBC}") = "Kephas.Serialization.Json", "Kephas.Serialization.Json\Kephas.Serialization.Json.csproj", "{A1A9CB93-6D34-4912-8544-AA273C19234E}"
EndProject
Project("{FAE04EC0-301F-11D3-BF4B-00C04F79EFBC}") = "Kephas.Hosting.NetCore", "Kephas.Hosting.NetCore\Kephas.Hosting.NetCore.csproj", "{5B1EFD58-0CA6-4A16-A9E4-03E755CCC5A3}"
EndProject
Project("{FAE04EC0-301F-11D3-BF4B-00C04F79EFBC}") = "Kephas.Logging.NLog", "Kephas.Logging.NLog\Kephas.Logging.NLog.csproj", "{8CB50297-39C4-45F5-9195-14A75D699710}"
EndProject
Project("{FAE04EC0-301F-11D3-BF4B-00C04F79EFBC}") = "Kephas.Model", "Kephas.Model\Kephas.Model.csproj", "{965E1983-D19C-4D22-B6B9-8A3221520542}"
EndProject
Project("{FAE04EC0-301F-11D3-BF4B-00C04F79EFBC}") = "Kephas.Data", "Kephas.Data\Kephas.Data.csproj", "{8591C924-3C04-413F-A530-7A5575B45966}"
EndProject
Project("{FAE04EC0-301F-11D3-BF4B-00C04F79EFBC}") = "Kephas.Data.Tests", "Tests\Kephas.Data.Tests\Kephas.Data.Tests.csproj", "{3722480D-43A7-4FB3-9227-E80D7F26C242}"
EndProject
Project("{FAE04EC0-301F-11D3-BF4B-00C04F79EFBC}") = "Kephas.Hosting.NetCore.Tests", "Tests\Kephas.Hosting.NetCore.Tests\Kephas.Hosting.NetCore.Tests.csproj", "{3F8ECD53-D185-4E2F-B3FE-827E81D971B5}"
EndProject
Project("{FAE04EC0-301F-11D3-BF4B-00C04F79EFBC}") = "Kephas.Messaging.Tests", "Tests\Kephas.Messaging.Tests\Kephas.Messaging.Tests.csproj", "{D86A56DF-A18D-4051-A341-CBCEA5AE5E81}"
EndProject
Project("{FAE04EC0-301F-11D3-BF4B-00C04F79EFBC}") = "Kephas.Model.Tests", "Tests\Kephas.Model.Tests\Kephas.Model.Tests.csproj", "{918F8D47-7BF5-4005-A92A-7B9C62D3EF7A}"
EndProject
Project("{FAE04EC0-301F-11D3-BF4B-00C04F79EFBC}") = "Kephas.Serialization.Json.Tests", "Tests\Kephas.Serialization.Json.Tests\Kephas.Serialization.Json.Tests.csproj", "{7ABF070C-A6F1-4588-BAD7-3BF0F0BA4BB5}"
EndProject
Project("{FAE04EC0-301F-11D3-BF4B-00C04F79EFBC}") = "Kephas.Serialization.Json.NuGet.Packager", "NuGetPackagers\Kephas.Serialization.Json.NuGet.Packager\Kephas.Serialization.Json.NuGet.Packager.csproj", "{046E816F-1A5F-4C1D-B581-E4D2FEC36704}"
EndProject
Project("{FAE04EC0-301F-11D3-BF4B-00C04F79EFBC}") = "Kephas.Logging.NLog.NuGet.Packager", "NuGetPackagers\Kephas.Logging.NLog.NuGet.Packager\Kephas.Logging.NLog.NuGet.Packager.csproj", "{14833A0E-43EB-457B-B783-40529D42C7BD}"
EndProject
Project("{FAE04EC0-301F-11D3-BF4B-00C04F79EFBC}") = "Kephas.Messaging.NuGet.Packager", "NuGetPackagers\Kephas.Messaging.NuGet.Packager\Kephas.Messaging.NuGet.Packager.csproj", "{57BFBAAE-8D48-466F-A728-0C71E8ED0349}"
EndProject
Project("{FAE04EC0-301F-11D3-BF4B-00C04F79EFBC}") = "Kephas.Hosting.NetCore.NuGet.Packager", "NuGetPackagers\Kephas.Hosting.NetCore.NuGet.Packager\Kephas.Hosting.NetCore.NuGet.Packager.csproj", "{3EBC6D33-C62E-4DFC-8AD7-3DF56401E0E5}"
EndProject
Project("{FAE04EC0-301F-11D3-BF4B-00C04F79EFBC}") = "Kephas.Model.NuGet.Packager", "NuGetPackagers\Kephas.Model.NuGet.Packager\Kephas.Model.NuGet.Packager.csproj", "{87920014-288B-4294-9EF4-5A515088E546}"
EndProject
Project("{FAE04EC0-301F-11D3-BF4B-00C04F79EFBC}") = "Kephas.Data.NuGet.Packager", "NuGetPackagers\Kephas.Data.NuGet.Packager\Kephas.Data.NuGet.Packager.csproj", "{CB0D7E4C-1923-4AFD-867D-915806707F7F}"
EndProject
Project("{FAE04EC0-301F-11D3-BF4B-00C04F79EFBC}") = "Kephas.Hosting.Net45.NuGet.Packager", "NuGetPackagers\Kephas.Hosting.Net45.NuGet.Packager\Kephas.Hosting.Net45.NuGet.Packager.csproj", "{C65981A2-9248-4043-B376-70FA65100242}"
EndProject
Project("{FAE04EC0-301F-11D3-BF4B-00C04F79EFBC}") = "Kephas.Hosting.Net45", "Kephas.Hosting.Net45\Kephas.Hosting.Net45.csproj", "{C02B6804-DAB0-482B-B4C3-66CF8AF91256}"
EndProject
Project("{2150E333-8FDC-42A3-9474-1A3956D46DE8}") = "Documentation", "Documentation", "{344D159A-34BA-4F2F-97E1-983BCA5CF7D3}"
	ProjectSection(SolutionItems) = preProject
		Documentation\Kephas.Core.docx = Documentation\Kephas.Core.docx
		Documentation\ModelContracts.png = Documentation\ModelContracts.png
	EndProjectSection
EndProject
Project("{2150E333-8FDC-42A3-9474-1A3956D46DE8}") = "Deployment", "Deployment", "{B5E8C7E1-C334-4C6C-B7C1-61D4618B21E7}"
	ProjectSection(SolutionItems) = preProject
		Deployment\DeployNugetPackages.cmd = Deployment\DeployNugetPackages.cmd
	EndProjectSection
EndProject
Global
	GlobalSection(SolutionConfigurationPlatforms) = preSolution
		Debug|Any CPU = Debug|Any CPU
		Release|Any CPU = Release|Any CPU
	EndGlobalSection
	GlobalSection(ProjectConfigurationPlatforms) = postSolution
		{42523208-F30B-46C1-99FB-A1A1E079614C}.Debug|Any CPU.ActiveCfg = Debug|Any CPU
		{42523208-F30B-46C1-99FB-A1A1E079614C}.Debug|Any CPU.Build.0 = Debug|Any CPU
		{42523208-F30B-46C1-99FB-A1A1E079614C}.Release|Any CPU.ActiveCfg = Release|Any CPU
		{42523208-F30B-46C1-99FB-A1A1E079614C}.Release|Any CPU.Build.0 = Release|Any CPU
		{6DCFD4C6-26FA-46F0-A959-16D9ACB40DD0}.Debug|Any CPU.ActiveCfg = Debug|Any CPU
		{6DCFD4C6-26FA-46F0-A959-16D9ACB40DD0}.Debug|Any CPU.Build.0 = Debug|Any CPU
		{6DCFD4C6-26FA-46F0-A959-16D9ACB40DD0}.Release|Any CPU.ActiveCfg = Release|Any CPU
		{6DCFD4C6-26FA-46F0-A959-16D9ACB40DD0}.Release|Any CPU.Build.0 = Release|Any CPU
		{0451BAEF-DF2E-4B98-8644-94EE9415E389}.Debug|Any CPU.ActiveCfg = Debug|Any CPU
		{0451BAEF-DF2E-4B98-8644-94EE9415E389}.Debug|Any CPU.Build.0 = Debug|Any CPU
		{0451BAEF-DF2E-4B98-8644-94EE9415E389}.Release|Any CPU.ActiveCfg = Release|Any CPU
		{0451BAEF-DF2E-4B98-8644-94EE9415E389}.Release|Any CPU.Build.0 = Release|Any CPU
		{32FA6130-DDF0-4D2F-8057-A38EF9ED3D49}.Debug|Any CPU.ActiveCfg = Debug|Any CPU
		{32FA6130-DDF0-4D2F-8057-A38EF9ED3D49}.Debug|Any CPU.Build.0 = Debug|Any CPU
		{32FA6130-DDF0-4D2F-8057-A38EF9ED3D49}.Release|Any CPU.ActiveCfg = Release|Any CPU
		{32FA6130-DDF0-4D2F-8057-A38EF9ED3D49}.Release|Any CPU.Build.0 = Release|Any CPU
		{AF177881-80C4-4D2F-9D5E-761938918641}.Debug|Any CPU.ActiveCfg = Debug|Any CPU
		{AF177881-80C4-4D2F-9D5E-761938918641}.Debug|Any CPU.Build.0 = Debug|Any CPU
		{AF177881-80C4-4D2F-9D5E-761938918641}.Release|Any CPU.ActiveCfg = Release|Any CPU
		{AF177881-80C4-4D2F-9D5E-761938918641}.Release|Any CPU.Build.0 = Release|Any CPU
		{1C608C7A-F80C-4593-B40B-3C70A9824A7D}.Debug|Any CPU.ActiveCfg = Debug|Any CPU
		{1C608C7A-F80C-4593-B40B-3C70A9824A7D}.Debug|Any CPU.Build.0 = Debug|Any CPU
		{1C608C7A-F80C-4593-B40B-3C70A9824A7D}.Release|Any CPU.ActiveCfg = Release|Any CPU
		{1C608C7A-F80C-4593-B40B-3C70A9824A7D}.Release|Any CPU.Build.0 = Release|Any CPU
		{1B8691E7-C070-4EBA-B999-DE4989589409}.Debug|Any CPU.ActiveCfg = Debug|Any CPU
		{1B8691E7-C070-4EBA-B999-DE4989589409}.Debug|Any CPU.Build.0 = Debug|Any CPU
		{1B8691E7-C070-4EBA-B999-DE4989589409}.Release|Any CPU.ActiveCfg = Release|Any CPU
		{1B8691E7-C070-4EBA-B999-DE4989589409}.Release|Any CPU.Build.0 = Release|Any CPU
		{A1A9CB93-6D34-4912-8544-AA273C19234E}.Debug|Any CPU.ActiveCfg = Debug|Any CPU
		{A1A9CB93-6D34-4912-8544-AA273C19234E}.Debug|Any CPU.Build.0 = Debug|Any CPU
		{A1A9CB93-6D34-4912-8544-AA273C19234E}.Release|Any CPU.ActiveCfg = Release|Any CPU
		{A1A9CB93-6D34-4912-8544-AA273C19234E}.Release|Any CPU.Build.0 = Release|Any CPU
		{5B1EFD58-0CA6-4A16-A9E4-03E755CCC5A3}.Debug|Any CPU.ActiveCfg = Debug|Any CPU
		{5B1EFD58-0CA6-4A16-A9E4-03E755CCC5A3}.Debug|Any CPU.Build.0 = Debug|Any CPU
		{5B1EFD58-0CA6-4A16-A9E4-03E755CCC5A3}.Release|Any CPU.ActiveCfg = Release|Any CPU
		{5B1EFD58-0CA6-4A16-A9E4-03E755CCC5A3}.Release|Any CPU.Build.0 = Release|Any CPU
		{8CB50297-39C4-45F5-9195-14A75D699710}.Debug|Any CPU.ActiveCfg = Debug|Any CPU
		{8CB50297-39C4-45F5-9195-14A75D699710}.Debug|Any CPU.Build.0 = Debug|Any CPU
		{8CB50297-39C4-45F5-9195-14A75D699710}.Release|Any CPU.ActiveCfg = Release|Any CPU
		{8CB50297-39C4-45F5-9195-14A75D699710}.Release|Any CPU.Build.0 = Release|Any CPU
		{965E1983-D19C-4D22-B6B9-8A3221520542}.Debug|Any CPU.ActiveCfg = Debug|Any CPU
		{965E1983-D19C-4D22-B6B9-8A3221520542}.Debug|Any CPU.Build.0 = Debug|Any CPU
		{965E1983-D19C-4D22-B6B9-8A3221520542}.Release|Any CPU.ActiveCfg = Release|Any CPU
		{965E1983-D19C-4D22-B6B9-8A3221520542}.Release|Any CPU.Build.0 = Release|Any CPU
		{8591C924-3C04-413F-A530-7A5575B45966}.Debug|Any CPU.ActiveCfg = Debug|Any CPU
		{8591C924-3C04-413F-A530-7A5575B45966}.Debug|Any CPU.Build.0 = Debug|Any CPU
		{8591C924-3C04-413F-A530-7A5575B45966}.Release|Any CPU.ActiveCfg = Release|Any CPU
		{8591C924-3C04-413F-A530-7A5575B45966}.Release|Any CPU.Build.0 = Release|Any CPU
		{3722480D-43A7-4FB3-9227-E80D7F26C242}.Debug|Any CPU.ActiveCfg = Debug|Any CPU
		{3722480D-43A7-4FB3-9227-E80D7F26C242}.Debug|Any CPU.Build.0 = Debug|Any CPU
		{3722480D-43A7-4FB3-9227-E80D7F26C242}.Release|Any CPU.ActiveCfg = Release|Any CPU
		{3722480D-43A7-4FB3-9227-E80D7F26C242}.Release|Any CPU.Build.0 = Release|Any CPU
		{3F8ECD53-D185-4E2F-B3FE-827E81D971B5}.Debug|Any CPU.ActiveCfg = Debug|Any CPU
		{3F8ECD53-D185-4E2F-B3FE-827E81D971B5}.Debug|Any CPU.Build.0 = Debug|Any CPU
		{3F8ECD53-D185-4E2F-B3FE-827E81D971B5}.Release|Any CPU.ActiveCfg = Release|Any CPU
		{3F8ECD53-D185-4E2F-B3FE-827E81D971B5}.Release|Any CPU.Build.0 = Release|Any CPU
		{D86A56DF-A18D-4051-A341-CBCEA5AE5E81}.Debug|Any CPU.ActiveCfg = Debug|Any CPU
		{D86A56DF-A18D-4051-A341-CBCEA5AE5E81}.Debug|Any CPU.Build.0 = Debug|Any CPU
		{D86A56DF-A18D-4051-A341-CBCEA5AE5E81}.Release|Any CPU.ActiveCfg = Release|Any CPU
		{D86A56DF-A18D-4051-A341-CBCEA5AE5E81}.Release|Any CPU.Build.0 = Release|Any CPU
		{918F8D47-7BF5-4005-A92A-7B9C62D3EF7A}.Debug|Any CPU.ActiveCfg = Debug|Any CPU
		{918F8D47-7BF5-4005-A92A-7B9C62D3EF7A}.Debug|Any CPU.Build.0 = Debug|Any CPU
		{918F8D47-7BF5-4005-A92A-7B9C62D3EF7A}.Release|Any CPU.ActiveCfg = Release|Any CPU
		{918F8D47-7BF5-4005-A92A-7B9C62D3EF7A}.Release|Any CPU.Build.0 = Release|Any CPU
		{7ABF070C-A6F1-4588-BAD7-3BF0F0BA4BB5}.Debug|Any CPU.ActiveCfg = Debug|Any CPU
		{7ABF070C-A6F1-4588-BAD7-3BF0F0BA4BB5}.Debug|Any CPU.Build.0 = Debug|Any CPU
		{7ABF070C-A6F1-4588-BAD7-3BF0F0BA4BB5}.Release|Any CPU.ActiveCfg = Release|Any CPU
		{7ABF070C-A6F1-4588-BAD7-3BF0F0BA4BB5}.Release|Any CPU.Build.0 = Release|Any CPU
		{046E816F-1A5F-4C1D-B581-E4D2FEC36704}.Debug|Any CPU.ActiveCfg = Debug|Any CPU
		{046E816F-1A5F-4C1D-B581-E4D2FEC36704}.Debug|Any CPU.Build.0 = Debug|Any CPU
		{046E816F-1A5F-4C1D-B581-E4D2FEC36704}.Release|Any CPU.ActiveCfg = Release|Any CPU
		{046E816F-1A5F-4C1D-B581-E4D2FEC36704}.Release|Any CPU.Build.0 = Release|Any CPU
		{14833A0E-43EB-457B-B783-40529D42C7BD}.Debug|Any CPU.ActiveCfg = Debug|Any CPU
		{14833A0E-43EB-457B-B783-40529D42C7BD}.Debug|Any CPU.Build.0 = Debug|Any CPU
		{14833A0E-43EB-457B-B783-40529D42C7BD}.Release|Any CPU.ActiveCfg = Release|Any CPU
		{14833A0E-43EB-457B-B783-40529D42C7BD}.Release|Any CPU.Build.0 = Release|Any CPU
		{57BFBAAE-8D48-466F-A728-0C71E8ED0349}.Debug|Any CPU.ActiveCfg = Debug|Any CPU
		{57BFBAAE-8D48-466F-A728-0C71E8ED0349}.Debug|Any CPU.Build.0 = Debug|Any CPU
		{57BFBAAE-8D48-466F-A728-0C71E8ED0349}.Release|Any CPU.ActiveCfg = Release|Any CPU
		{57BFBAAE-8D48-466F-A728-0C71E8ED0349}.Release|Any CPU.Build.0 = Release|Any CPU
		{3EBC6D33-C62E-4DFC-8AD7-3DF56401E0E5}.Debug|Any CPU.ActiveCfg = Debug|Any CPU
		{3EBC6D33-C62E-4DFC-8AD7-3DF56401E0E5}.Debug|Any CPU.Build.0 = Debug|Any CPU
		{3EBC6D33-C62E-4DFC-8AD7-3DF56401E0E5}.Release|Any CPU.ActiveCfg = Release|Any CPU
		{3EBC6D33-C62E-4DFC-8AD7-3DF56401E0E5}.Release|Any CPU.Build.0 = Release|Any CPU
		{87920014-288B-4294-9EF4-5A515088E546}.Debug|Any CPU.ActiveCfg = Debug|Any CPU
		{87920014-288B-4294-9EF4-5A515088E546}.Debug|Any CPU.Build.0 = Debug|Any CPU
		{87920014-288B-4294-9EF4-5A515088E546}.Release|Any CPU.ActiveCfg = Release|Any CPU
		{87920014-288B-4294-9EF4-5A515088E546}.Release|Any CPU.Build.0 = Release|Any CPU
		{CB0D7E4C-1923-4AFD-867D-915806707F7F}.Debug|Any CPU.ActiveCfg = Debug|Any CPU
		{CB0D7E4C-1923-4AFD-867D-915806707F7F}.Debug|Any CPU.Build.0 = Debug|Any CPU
		{CB0D7E4C-1923-4AFD-867D-915806707F7F}.Release|Any CPU.ActiveCfg = Release|Any CPU
		{CB0D7E4C-1923-4AFD-867D-915806707F7F}.Release|Any CPU.Build.0 = Release|Any CPU
		{C65981A2-9248-4043-B376-70FA65100242}.Debug|Any CPU.ActiveCfg = Debug|Any CPU
		{C65981A2-9248-4043-B376-70FA65100242}.Debug|Any CPU.Build.0 = Debug|Any CPU
		{C65981A2-9248-4043-B376-70FA65100242}.Release|Any CPU.ActiveCfg = Release|Any CPU
		{C65981A2-9248-4043-B376-70FA65100242}.Release|Any CPU.Build.0 = Release|Any CPU
		{C02B6804-DAB0-482B-B4C3-66CF8AF91256}.Debug|Any CPU.ActiveCfg = Debug|Any CPU
		{C02B6804-DAB0-482B-B4C3-66CF8AF91256}.Debug|Any CPU.Build.0 = Debug|Any CPU
		{C02B6804-DAB0-482B-B4C3-66CF8AF91256}.Release|Any CPU.ActiveCfg = Release|Any CPU
		{C02B6804-DAB0-482B-B4C3-66CF8AF91256}.Release|Any CPU.Build.0 = Release|Any CPU
	EndGlobalSection
	GlobalSection(SolutionProperties) = preSolution
		HideSolutionNode = FALSE
	EndGlobalSection
	GlobalSection(NestedProjects) = preSolution
		{6DCFD4C6-26FA-46F0-A959-16D9ACB40DD0} = {816692E7-24DC-46B5-97FB-D314B52D815D}
		{0451BAEF-DF2E-4B98-8644-94EE9415E389} = {A04BD083-1979-4E91-A6DD-91B6666DCCC2}
		{AF177881-80C4-4D2F-9D5E-761938918641} = {816692E7-24DC-46B5-97FB-D314B52D815D}
		{1C608C7A-F80C-4593-B40B-3C70A9824A7D} = {A04BD083-1979-4E91-A6DD-91B6666DCCC2}
		{3722480D-43A7-4FB3-9227-E80D7F26C242} = {816692E7-24DC-46B5-97FB-D314B52D815D}
		{3F8ECD53-D185-4E2F-B3FE-827E81D971B5} = {816692E7-24DC-46B5-97FB-D314B52D815D}
		{D86A56DF-A18D-4051-A341-CBCEA5AE5E81} = {816692E7-24DC-46B5-97FB-D314B52D815D}
		{918F8D47-7BF5-4005-A92A-7B9C62D3EF7A} = {816692E7-24DC-46B5-97FB-D314B52D815D}
		{7ABF070C-A6F1-4588-BAD7-3BF0F0BA4BB5} = {816692E7-24DC-46B5-97FB-D314B52D815D}
		{046E816F-1A5F-4C1D-B581-E4D2FEC36704} = {A04BD083-1979-4E91-A6DD-91B6666DCCC2}
		{14833A0E-43EB-457B-B783-40529D42C7BD} = {A04BD083-1979-4E91-A6DD-91B6666DCCC2}
		{57BFBAAE-8D48-466F-A728-0C71E8ED0349} = {A04BD083-1979-4E91-A6DD-91B6666DCCC2}
		{3EBC6D33-C62E-4DFC-8AD7-3DF56401E0E5} = {A04BD083-1979-4E91-A6DD-91B6666DCCC2}
		{87920014-288B-4294-9EF4-5A515088E546} = {A04BD083-1979-4E91-A6DD-91B6666DCCC2}
		{CB0D7E4C-1923-4AFD-867D-915806707F7F} = {A04BD083-1979-4E91-A6DD-91B6666DCCC2}
		{C65981A2-9248-4043-B376-70FA65100242} = {A04BD083-1979-4E91-A6DD-91B6666DCCC2}
	EndGlobalSection
EndGlobal
