
Microsoft Visual Studio Solution File, Format Version 12.00
# Visual Studio Version 16
VisualStudioVersion = 16.0.29009.5
MinimumVisualStudioVersion = 10.0.40219.1
Project("{9A19103F-16F7-4668-BE54-9A1E7A4F7556}") = "Kephas.Core", "Kephas.Core\Kephas.Core.csproj", "{42523208-F30B-46C1-99FB-A1A1E079614C}"
EndProject
Project("{2150E333-8FDC-42A3-9474-1A3956D46DE8}") = "Tests", "Tests", "{816692E7-24DC-46B5-97FB-D314B52D815D}"
EndProject
Project("{9A19103F-16F7-4668-BE54-9A1E7A4F7556}") = "Kephas.Composition.Mef", "Kephas.Composition.Mef\Kephas.Composition.Mef.csproj", "{32FA6130-DDF0-4D2F-8057-A38EF9ED3D49}"
EndProject
Project("{9A19103F-16F7-4668-BE54-9A1E7A4F7556}") = "Kephas.Messaging", "Kephas.Messaging\Kephas.Messaging.csproj", "{1B8691E7-C070-4EBA-B999-DE4989589409}"
EndProject
Project("{9A19103F-16F7-4668-BE54-9A1E7A4F7556}") = "Kephas.Logging.NLog", "Kephas.Logging.NLog\Kephas.Logging.NLog.csproj", "{8CB50297-39C4-45F5-9195-14A75D699710}"
EndProject
Project("{9A19103F-16F7-4668-BE54-9A1E7A4F7556}") = "Kephas.Model", "Kephas.Model\Kephas.Model.csproj", "{965E1983-D19C-4D22-B6B9-8A3221520542}"
EndProject
Project("{9A19103F-16F7-4668-BE54-9A1E7A4F7556}") = "Kephas.Data", "Kephas.Data\Kephas.Data.csproj", "{8591C924-3C04-413F-A530-7A5575B45966}"
EndProject
Project("{2150E333-8FDC-42A3-9474-1A3956D46DE8}") = "Documentation", "Documentation", "{344D159A-34BA-4F2F-97E1-983BCA5CF7D3}"
	ProjectSection(SolutionItems) = preProject
		docfx.build.cmd = docfx.build.cmd
		docfx.json = docfx.json
		index.md = index.md
		Documentation\Kephas.Core.docx = Documentation\Kephas.Core.docx
		Documentation\ModelContracts.png = Documentation\ModelContracts.png
		toc.yml = toc.yml
	EndProjectSection
EndProject
Project("{2150E333-8FDC-42A3-9474-1A3956D46DE8}") = "Deployment", "Deployment", "{B5E8C7E1-C334-4C6C-B7C1-61D4618B21E7}"
	ProjectSection(SolutionItems) = preProject
		Deployment\CreateNugetPackages.ps1 = Deployment\CreateNugetPackages.ps1
		Deployment\NuGet.exe = Deployment\NuGet.exe
		Deployment\PushNugetPackages.ps1 = Deployment\PushNugetPackages.ps1
	EndProjectSection
EndProject
Project("{9A19103F-16F7-4668-BE54-9A1E7A4F7556}") = "Kephas.Logging.Log4Net", "Kephas.Logging.Log4Net\Kephas.Logging.Log4Net.csproj", "{9617E81A-E96C-4EA9-8DA8-0518DA57C9B2}"
EndProject
Project("{9A19103F-16F7-4668-BE54-9A1E7A4F7556}") = "Kephas.Mail", "Kephas.Mail\Kephas.Mail.csproj", "{81636A6E-F3CA-4B4F-9D94-05AD1BCFF98D}"
EndProject
Project("{2150E333-8FDC-42A3-9474-1A3956D46DE8}") = "TestingFramework", "TestingFramework", "{EEE1C452-EDDF-47E2-842B-970E33C42FA5}"
EndProject
Project("{2150E333-8FDC-42A3-9474-1A3956D46DE8}") = "Configuration", "Configuration", "{AB144611-DCE3-4DF6-8D58-08A410E7D978}"
	ProjectSection(SolutionItems) = preProject
		..\nuget.config = ..\nuget.config
		Settings.StyleCop = Settings.StyleCop
	EndProjectSection
EndProject
Project("{9A19103F-16F7-4668-BE54-9A1E7A4F7556}") = "Kephas.Testing.Composition.Mef", "TestingFramework\Kephas.Testing.Composition.Mef\Kephas.Testing.Composition.Mef.csproj", "{00BE907B-3852-480F-9ABC-5B4C5D4595B6}"
EndProject
Project("{9A19103F-16F7-4668-BE54-9A1E7A4F7556}") = "Kephas.Data.MongoDB", "Kephas.Data.MongoDB\Kephas.Data.MongoDB.csproj", "{39F25EA0-9404-44FF-B3E3-B9C1152C1A24}"
EndProject
Project("{9A19103F-16F7-4668-BE54-9A1E7A4F7556}") = "Kephas.Data.Model", "Kephas.Data.Model\Kephas.Data.Model.csproj", "{F31D9535-1390-4F3A-9D79-912AA01D6CAC}"
EndProject
Project("{9A19103F-16F7-4668-BE54-9A1E7A4F7556}") = "Kephas.Messaging.Model", "Kephas.Messaging.Model\Kephas.Messaging.Model.csproj", "{56C8B0AE-7C3D-4897-89C8-C0DC6CBA5F1C}"
EndProject
Project("{9A19103F-16F7-4668-BE54-9A1E7A4F7556}") = "Kephas.Data.Client", "Kephas.Data.Client\Kephas.Data.Client.csproj", "{67D81331-1EB2-47BC-A1C8-9A5A4728B44C}"
EndProject
Project("{9A19103F-16F7-4668-BE54-9A1E7A4F7556}") = "Kephas.Serialization.Json", "Kephas.Serialization.Json\Kephas.Serialization.Json.csproj", "{6994B12D-3937-4A94-865D-9C2B7A7B797C}"
EndProject
Project("{9A19103F-16F7-4668-BE54-9A1E7A4F7556}") = "Kephas.CodeAnalysis", "Kephas.CodeAnalysis\Kephas.CodeAnalysis.csproj", "{E8FA7B4A-12DB-4200-A8D6-A2A84EAFD157}"
EndProject
Project("{9A19103F-16F7-4668-BE54-9A1E7A4F7556}") = "Kephas.Data.IO", "Kephas.Data.IO\Kephas.Data.IO.csproj", "{BFA5C4D6-DA23-40F1-82D6-57C4FEB30243}"
EndProject
Project("{9A19103F-16F7-4668-BE54-9A1E7A4F7556}") = "Kephas.Mail.MailKit", "Kephas.Mail.MailKit\Kephas.Mail.MailKit.csproj", "{52669F27-358D-4F07-849A-4543A257DEE5}"
EndProject
Project("{9A19103F-16F7-4668-BE54-9A1E7A4F7556}") = "Kephas.Data.Endpoints", "Kephas.Data.Endpoints\Kephas.Data.Endpoints.csproj", "{61FE8D05-CCA6-40D2-BF8B-CFF792054DE0}"
EndProject
Project("{9A19103F-16F7-4668-BE54-9A1E7A4F7556}") = "Kephas.Application.AspNetCore", "Kephas.Application.AspNetCore\Kephas.Application.AspNetCore.csproj", "{CF1C9FF8-CA28-4A9F-89A1-2B9359838A69}"
EndProject
Project("{9A19103F-16F7-4668-BE54-9A1E7A4F7556}") = "Kephas.Serialization.ServiceStack.Text", "Kephas.Serialization.ServiceStack.Text\Kephas.Serialization.ServiceStack.Text.csproj", "{BD80DBE0-627B-44D7-9506-29E73877B40D}"
EndProject
Project("{9A19103F-16F7-4668-BE54-9A1E7A4F7556}") = "Kephas.Testing.Model", "TestingFramework\Kephas.Testing.Model\Kephas.Testing.Model.csproj", "{28582FCC-D98C-44D0-AA62-1BBCDE97F25E}"
EndProject
Project("{9A19103F-16F7-4668-BE54-9A1E7A4F7556}") = "Kephas.Data.Model.Abstractions", "Kephas.Data.Model.Abstractions\Kephas.Data.Model.Abstractions.csproj", "{76596D38-4194-4CCE-980B-29998E2C5B79}"
EndProject
Project("{9A19103F-16F7-4668-BE54-9A1E7A4F7556}") = "Kephas.ServiceStack", "Kephas.ServiceStack\Kephas.ServiceStack.csproj", "{2E481AF0-8FC9-4796-BF37-723EA3F64D1B}"
EndProject
Project("{9A19103F-16F7-4668-BE54-9A1E7A4F7556}") = "Kephas.ServiceStack.Tests", "Tests\Kephas.ServiceStack.Tests\Kephas.ServiceStack.Tests.csproj", "{7AFE065F-FEB1-414E-B04B-2878DFCDB65B}"
EndProject
Project("{9A19103F-16F7-4668-BE54-9A1E7A4F7556}") = "Kephas.Serialization.ServiceStack.Text.Tests", "Tests\Kephas.Serialization.ServiceStack.Text.Tests\Kephas.Serialization.ServiceStack.Text.Tests.csproj", "{3B04074E-6F2F-4640-9085-1A420E44D5AF}"
EndProject
Project("{9A19103F-16F7-4668-BE54-9A1E7A4F7556}") = "Kephas.Core.Tests", "Tests\Kephas.Core.Tests\Kephas.Core.Tests.csproj", "{20B57C5A-7B64-4D30-A799-B06561007640}"
EndProject
Project("{9A19103F-16F7-4668-BE54-9A1E7A4F7556}") = "Kephas.Composition.Mef.Tests", "Tests\Kephas.Composition.Mef.Tests\Kephas.Composition.Mef.Tests.csproj", "{06C1648B-996A-484E-906A-3CF31EC19B6E}"
EndProject
Project("{9A19103F-16F7-4668-BE54-9A1E7A4F7556}") = "Kephas.Mail.Tests", "Tests\Kephas.Mail.Tests\Kephas.Mail.Tests.csproj", "{47D24365-AA91-4E10-8C63-6C3263F5E3D7}"
EndProject
Project("{9A19103F-16F7-4668-BE54-9A1E7A4F7556}") = "Kephas.Model.Tests", "Tests\Kephas.Model.Tests\Kephas.Model.Tests.csproj", "{66CD7D77-3B9A-4CB0-AED7-3798F50BFC3A}"
EndProject
Project("{9A19103F-16F7-4668-BE54-9A1E7A4F7556}") = "Kephas.Messaging.Tests", "Tests\Kephas.Messaging.Tests\Kephas.Messaging.Tests.csproj", "{98B8D668-6CDE-404E-AFA3-03C9903FB513}"
EndProject
Project("{9A19103F-16F7-4668-BE54-9A1E7A4F7556}") = "Kephas.Messaging.Model.Tests", "Tests\Kephas.Messaging.Model.Tests\Kephas.Messaging.Model.Tests.csproj", "{63ADACCD-032B-469E-99CB-C0BE91171B43}"
EndProject
Project("{9A19103F-16F7-4668-BE54-9A1E7A4F7556}") = "Kephas.Serialization.Json.Tests", "Tests\Kephas.Serialization.Json.Tests\Kephas.Serialization.Json.Tests.csproj", "{77FB04AC-B520-404A-8F9E-F7BFBC90423E}"
EndProject
Project("{9A19103F-16F7-4668-BE54-9A1E7A4F7556}") = "Kephas.Data.Tests", "Tests\Kephas.Data.Tests\Kephas.Data.Tests.csproj", "{D8FF5DA9-8F27-4497-873E-6C2E64386B7B}"
EndProject
Project("{9A19103F-16F7-4668-BE54-9A1E7A4F7556}") = "Kephas.Data.Client.Tests", "Tests\Kephas.Data.Client.Tests\Kephas.Data.Client.Tests.csproj", "{A2FB7D47-6E56-4585-B9A3-BEC5EAA0089D}"
EndProject
Project("{9A19103F-16F7-4668-BE54-9A1E7A4F7556}") = "Kephas.Data.IO.Tests", "Tests\Kephas.Data.IO.Tests\Kephas.Data.IO.Tests.csproj", "{DFFF67FB-C70A-409D-AEB3-B40222C322D9}"
EndProject
Project("{9A19103F-16F7-4668-BE54-9A1E7A4F7556}") = "Kephas.Data.Model.Tests", "Tests\Kephas.Data.Model.Tests\Kephas.Data.Model.Tests.csproj", "{A196C5F7-B26E-4738-B1A4-FEEA754C03CA}"
EndProject
Project("{9A19103F-16F7-4668-BE54-9A1E7A4F7556}") = "Kephas.CodeAnalysis.Tests", "Tests\Kephas.CodeAnalysis.Tests\Kephas.CodeAnalysis.Tests.csproj", "{71A298BE-0595-4306-8340-A62576274245}"
EndProject
Project("{9A19103F-16F7-4668-BE54-9A1E7A4F7556}") = "Kephas.Scripting", "Kephas.Scripting\Kephas.Scripting.csproj", "{2E7B9870-3E2A-45E6-A981-0BB1A4AC4959}"
EndProject
Project("{9A19103F-16F7-4668-BE54-9A1E7A4F7556}") = "Kephas.Scripting.Tests", "Tests\Kephas.Scripting.Tests\Kephas.Scripting.Tests.csproj", "{A92E3B43-6ECD-476E-80BF-9FD4CBE65512}"
EndProject
Project("{9A19103F-16F7-4668-BE54-9A1E7A4F7556}") = "Kephas.Composition.Autofac", "Kephas.Composition.Autofac\Kephas.Composition.Autofac.csproj", "{D8B1AFB3-AC1A-4E06-BA86-138CDCFB9010}"
EndProject
Project("{9A19103F-16F7-4668-BE54-9A1E7A4F7556}") = "Kephas.Workflow", "Kephas.Workflow\Kephas.Workflow.csproj", "{478DCC86-FBBA-4061-AD44-E917A77512B5}"
EndProject
Project("{9A19103F-16F7-4668-BE54-9A1E7A4F7556}") = "Kephas.Workflow.Model", "Kephas.Workflow.Model\Kephas.Workflow.Model.csproj", "{245220CB-AC60-477F-AC7F-A27CF03EE42B}"
EndProject
Project("{9A19103F-16F7-4668-BE54-9A1E7A4F7556}") = "Kephas.Orchestration", "Kephas.Orchestration\Kephas.Orchestration.csproj", "{89E6FB70-22B3-45FA-98DE-D6E76D543497}"
EndProject
Project("{9A19103F-16F7-4668-BE54-9A1E7A4F7556}") = "Kephas.Messaging.Azure.ServiceBus", "Kephas.Messaging.Azure.ServiceBus\Kephas.Messaging.Azure.ServiceBus.csproj", "{96AFDE33-7C64-4246-87D7-D7244160A718}"
EndProject
Project("{9A19103F-16F7-4668-BE54-9A1E7A4F7556}") = "Kephas.Scripting.CSharp", "Kephas.Scripting.CSharp\Kephas.Scripting.CSharp.csproj", "{5F82A645-DAD0-4F71-9D52-2D25A66B1D19}"
EndProject
Project("{9A19103F-16F7-4668-BE54-9A1E7A4F7556}") = "Kephas.Scripting.CSharp.Tests", "Tests\Kephas.Scripting.CSharp.Tests\Kephas.Scripting.CSharp.Tests.csproj", "{C499C5B0-CA3C-49FC-9392-9977A4B8EB42}"
EndProject
Project("{9A19103F-16F7-4668-BE54-9A1E7A4F7556}") = "Kephas.Orchestration.Tests", "Tests\Kephas.Orchestration.Tests\Kephas.Orchestration.Tests.csproj", "{68126EAA-829A-4DF6-9A73-44A75C11AAF8}"
EndProject
Project("{9A19103F-16F7-4668-BE54-9A1E7A4F7556}") = "Kephas.Data.Endpoints.Tests", "Tests\Kephas.Data.Endpoints.Tests\Kephas.Data.Endpoints.Tests.csproj", "{A159E2DF-4F22-4CFB-837F-07F67D517C6A}"
EndProject
Project("{9A19103F-16F7-4668-BE54-9A1E7A4F7556}") = "Kephas.Data.Composition.Tests", "Tests\Kephas.Data.Composition.Tests\Kephas.Data.Composition.Tests.csproj", "{806E17F5-67E7-476D-99EF-B63DCD525278}"
EndProject
Project("{9A19103F-16F7-4668-BE54-9A1E7A4F7556}") = "Kephas.Npgsql", "Kephas.Npgsql\Kephas.Npgsql.csproj", "{09A7FF65-B1CF-443C-A2CB-6C0FB7CCCE37}"
EndProject
Project("{9A19103F-16F7-4668-BE54-9A1E7A4F7556}") = "Kephas.Workflow.Tests", "Tests\Kephas.Workflow.Tests\Kephas.Workflow.Tests.csproj", "{3AD2EBEA-C416-46FD-9B96-6042B17E44DF}"
EndProject
Project("{9A19103F-16F7-4668-BE54-9A1E7A4F7556}") = "Kephas.Scheduling", "Kephas.Scheduling\Kephas.Scheduling.csproj", "{F395B404-FA5A-47A0-8A59-2CFFE5658D2B}"
EndProject
Project("{9A19103F-16F7-4668-BE54-9A1E7A4F7556}") = "Kephas.Scheduling.Tests", "Tests\Kephas.Scheduling.Tests\Kephas.Scheduling.Tests.csproj", "{3719FB8A-BB9B-402B-BD61-7FE3F7CA7669}"
EndProject
Project("{9A19103F-16F7-4668-BE54-9A1E7A4F7556}") = "Kephas.Scheduling.Quartz", "Kephas.Scheduling.Quartz\Kephas.Scheduling.Quartz.csproj", "{31F0B073-E35B-4843-BB23-9470DBBD0407}"
EndProject
Project("{9A19103F-16F7-4668-BE54-9A1E7A4F7556}") = "Kephas.Scheduling.Quartz.MongoDB", "Kephas.Scheduling.Quartz.MongoDB\Kephas.Scheduling.Quartz.MongoDB.csproj", "{D2AE2964-94D9-4806-B9D1-81365E866930}"
EndProject
Project("{9A19103F-16F7-4668-BE54-9A1E7A4F7556}") = "Kephas.Application.AspNetCore.InteractiveTests", "Tests\Kephas.Application.AspNetCore.InteractiveTests\Kephas.Application.AspNetCore.InteractiveTests.csproj", "{92DF9C0F-F886-4066-BAA1-959E6BA804D8}"
EndProject
Project("{9A19103F-16F7-4668-BE54-9A1E7A4F7556}") = "Kephas.Logging.Serilog", "Kephas.Logging.Serilog\Kephas.Logging.Serilog.csproj", "{8D30B571-8190-49C4-9A90-55026E82822F}"
EndProject
Project("{9A19103F-16F7-4668-BE54-9A1E7A4F7556}") = "Kephas.Configuration.Legacy", "Kephas.Configuration.Legacy\Kephas.Configuration.Legacy.csproj", "{87016F79-6EAA-49BB-8C42-E6BCE5A53014}"
EndProject
Project("{9A19103F-16F7-4668-BE54-9A1E7A4F7556}") = "Kephas.Configuration.Legacy.Tests", "Tests\Kephas.Configuration.Legacy.Tests\Kephas.Configuration.Legacy.Tests.csproj", "{4795D5B0-995C-4F03-B7B2-E58E6748E7C3}"
EndProject
Project("{9A19103F-16F7-4668-BE54-9A1E7A4F7556}") = "Kephas.Application.AspNetCore.Tests", "Tests\Kephas.Application.AspNetCore.Tests\Kephas.Application.AspNetCore.Tests.csproj", "{FA25FECF-D92D-4C4D-8A00-52AD9C86DDDF}"
EndProject
Project("{9A19103F-16F7-4668-BE54-9A1E7A4F7556}") = "Kephas.Data.LLBLGen", "Kephas.Data.LLBLGen\Kephas.Data.LLBLGen.csproj", "{922BFA02-87C9-45B0-B212-6C94069D0C97}"
EndProject
Project("{9A19103F-16F7-4668-BE54-9A1E7A4F7556}") = "Kephas.Data.LLBLGen.Tests", "Tests\Kephas.Data.LLBLGen.Tests\Kephas.Data.LLBLGen.Tests.csproj", "{86AF4D75-5606-4DB1-A0EB-475A0C5A2FBF}"
EndProject
Project("{9A19103F-16F7-4668-BE54-9A1E7A4F7556}") = "Kephas.Composition.Autofac.Tests", "Tests\Kephas.Composition.Autofac.Tests\Kephas.Composition.Autofac.Tests.csproj", "{A561331E-F0E7-4338-9DB6-5A23AFBDC116}"
EndProject
Project("{9A19103F-16F7-4668-BE54-9A1E7A4F7556}") = "Kephas.Testing.Composition.Autofac", "TestingFramework\Kephas.Testing.Composition.Autofac\Kephas.Testing.Composition.Autofac.csproj", "{41DB5A76-1B8C-486B-8F02-3CFE086D4CA3}"
EndProject
Project("{9A19103F-16F7-4668-BE54-9A1E7A4F7556}") = "Kephas.Testing", "TestingFramework\Kephas.Testing\Kephas.Testing.csproj", "{59769055-29BC-4AEB-927A-8F13F8FE2868}"
EndProject
Project("{9A19103F-16F7-4668-BE54-9A1E7A4F7556}") = "Kephas.Extensions.Configuration", "Kephas.Extensions.Configuration\Kephas.Extensions.Configuration.csproj", "{1F714CAD-5905-4E1A-BD84-B303F0AA00F8}"
EndProject
Project("{9A19103F-16F7-4668-BE54-9A1E7A4F7556}") = "Kephas.Extensions.DependencyInjection", "Kephas.Extensions.DependencyInjection\Kephas.Extensions.DependencyInjection.csproj", "{06159261-A8B6-415F-96E7-34655EEE7AEA}"
EndProject
Project("{9A19103F-16F7-4668-BE54-9A1E7A4F7556}") = "Kephas.Application.Console", "Kephas.Application.Console\Kephas.Application.Console.csproj", "{364FB4CE-89F4-493A-AE34-F023BFDA630E}"
EndProject
Project("{9A19103F-16F7-4668-BE54-9A1E7A4F7556}") = "Kephas.Application.Console.Tests", "Tests\Kephas.Application.Console.Tests\Kephas.Application.Console.Tests.csproj", "{57BEC9B6-84F8-45D3-865D-9B6AB193BC70}"
EndProject
Project("{9A19103F-16F7-4668-BE54-9A1E7A4F7556}") = "Kephas.Application", "Kephas.Application\Kephas.Application.csproj", "{4C876854-AF60-4411-998A-A4096DD5B341}"
EndProject
Project("{9A19103F-16F7-4668-BE54-9A1E7A4F7556}") = "Kephas.Application.Tests", "Tests\Kephas.Application.Tests\Kephas.Application.Tests.csproj", "{68289125-FC36-4164-8BC2-4C8B2289B352}"
EndProject
Project("{9A19103F-16F7-4668-BE54-9A1E7A4F7556}") = "Kephas.Plugins", "Kephas.Plugins\Kephas.Plugins.csproj", "{173FE678-00AA-4E8B-85DB-97E499E443A7}"
EndProject
Global
	GlobalSection(SolutionConfigurationPlatforms) = preSolution
		Debug|Any CPU = Debug|Any CPU
		Release|Any CPU = Release|Any CPU
	EndGlobalSection
	GlobalSection(ProjectConfigurationPlatforms) = postSolution
		{42523208-F30B-46C1-99FB-A1A1E079614C}.Debug|Any CPU.ActiveCfg = Debug|Any CPU
		{42523208-F30B-46C1-99FB-A1A1E079614C}.Debug|Any CPU.Build.0 = Debug|Any CPU
		{42523208-F30B-46C1-99FB-A1A1E079614C}.Release|Any CPU.ActiveCfg = Release|Any CPU
		{42523208-F30B-46C1-99FB-A1A1E079614C}.Release|Any CPU.Build.0 = Release|Any CPU
		{32FA6130-DDF0-4D2F-8057-A38EF9ED3D49}.Debug|Any CPU.ActiveCfg = Debug|Any CPU
		{32FA6130-DDF0-4D2F-8057-A38EF9ED3D49}.Debug|Any CPU.Build.0 = Debug|Any CPU
		{32FA6130-DDF0-4D2F-8057-A38EF9ED3D49}.Release|Any CPU.ActiveCfg = Release|Any CPU
		{32FA6130-DDF0-4D2F-8057-A38EF9ED3D49}.Release|Any CPU.Build.0 = Release|Any CPU
		{1B8691E7-C070-4EBA-B999-DE4989589409}.Debug|Any CPU.ActiveCfg = Debug|Any CPU
		{1B8691E7-C070-4EBA-B999-DE4989589409}.Debug|Any CPU.Build.0 = Debug|Any CPU
		{1B8691E7-C070-4EBA-B999-DE4989589409}.Release|Any CPU.ActiveCfg = Release|Any CPU
		{1B8691E7-C070-4EBA-B999-DE4989589409}.Release|Any CPU.Build.0 = Release|Any CPU
		{8CB50297-39C4-45F5-9195-14A75D699710}.Debug|Any CPU.ActiveCfg = Debug|Any CPU
		{8CB50297-39C4-45F5-9195-14A75D699710}.Debug|Any CPU.Build.0 = Debug|Any CPU
		{8CB50297-39C4-45F5-9195-14A75D699710}.Release|Any CPU.ActiveCfg = Release|Any CPU
		{8CB50297-39C4-45F5-9195-14A75D699710}.Release|Any CPU.Build.0 = Release|Any CPU
		{965E1983-D19C-4D22-B6B9-8A3221520542}.Debug|Any CPU.ActiveCfg = Debug|Any CPU
		{965E1983-D19C-4D22-B6B9-8A3221520542}.Debug|Any CPU.Build.0 = Debug|Any CPU
		{965E1983-D19C-4D22-B6B9-8A3221520542}.Release|Any CPU.ActiveCfg = Release|Any CPU
		{965E1983-D19C-4D22-B6B9-8A3221520542}.Release|Any CPU.Build.0 = Release|Any CPU
		{8591C924-3C04-413F-A530-7A5575B45966}.Debug|Any CPU.ActiveCfg = Debug|Any CPU
		{8591C924-3C04-413F-A530-7A5575B45966}.Debug|Any CPU.Build.0 = Debug|Any CPU
		{8591C924-3C04-413F-A530-7A5575B45966}.Release|Any CPU.ActiveCfg = Release|Any CPU
		{8591C924-3C04-413F-A530-7A5575B45966}.Release|Any CPU.Build.0 = Release|Any CPU
		{9617E81A-E96C-4EA9-8DA8-0518DA57C9B2}.Debug|Any CPU.ActiveCfg = Debug|Any CPU
		{9617E81A-E96C-4EA9-8DA8-0518DA57C9B2}.Debug|Any CPU.Build.0 = Debug|Any CPU
		{9617E81A-E96C-4EA9-8DA8-0518DA57C9B2}.Release|Any CPU.ActiveCfg = Release|Any CPU
		{9617E81A-E96C-4EA9-8DA8-0518DA57C9B2}.Release|Any CPU.Build.0 = Release|Any CPU
		{81636A6E-F3CA-4B4F-9D94-05AD1BCFF98D}.Debug|Any CPU.ActiveCfg = Debug|Any CPU
		{81636A6E-F3CA-4B4F-9D94-05AD1BCFF98D}.Debug|Any CPU.Build.0 = Debug|Any CPU
		{81636A6E-F3CA-4B4F-9D94-05AD1BCFF98D}.Release|Any CPU.ActiveCfg = Release|Any CPU
		{81636A6E-F3CA-4B4F-9D94-05AD1BCFF98D}.Release|Any CPU.Build.0 = Release|Any CPU
		{00BE907B-3852-480F-9ABC-5B4C5D4595B6}.Debug|Any CPU.ActiveCfg = Debug|Any CPU
		{00BE907B-3852-480F-9ABC-5B4C5D4595B6}.Debug|Any CPU.Build.0 = Debug|Any CPU
		{00BE907B-3852-480F-9ABC-5B4C5D4595B6}.Release|Any CPU.ActiveCfg = Release|Any CPU
		{00BE907B-3852-480F-9ABC-5B4C5D4595B6}.Release|Any CPU.Build.0 = Release|Any CPU
		{39F25EA0-9404-44FF-B3E3-B9C1152C1A24}.Debug|Any CPU.ActiveCfg = Debug|Any CPU
		{39F25EA0-9404-44FF-B3E3-B9C1152C1A24}.Debug|Any CPU.Build.0 = Debug|Any CPU
		{39F25EA0-9404-44FF-B3E3-B9C1152C1A24}.Release|Any CPU.ActiveCfg = Release|Any CPU
		{39F25EA0-9404-44FF-B3E3-B9C1152C1A24}.Release|Any CPU.Build.0 = Release|Any CPU
		{F31D9535-1390-4F3A-9D79-912AA01D6CAC}.Debug|Any CPU.ActiveCfg = Debug|Any CPU
		{F31D9535-1390-4F3A-9D79-912AA01D6CAC}.Debug|Any CPU.Build.0 = Debug|Any CPU
		{F31D9535-1390-4F3A-9D79-912AA01D6CAC}.Release|Any CPU.ActiveCfg = Release|Any CPU
		{F31D9535-1390-4F3A-9D79-912AA01D6CAC}.Release|Any CPU.Build.0 = Release|Any CPU
		{56C8B0AE-7C3D-4897-89C8-C0DC6CBA5F1C}.Debug|Any CPU.ActiveCfg = Debug|Any CPU
		{56C8B0AE-7C3D-4897-89C8-C0DC6CBA5F1C}.Debug|Any CPU.Build.0 = Debug|Any CPU
		{56C8B0AE-7C3D-4897-89C8-C0DC6CBA5F1C}.Release|Any CPU.ActiveCfg = Release|Any CPU
		{56C8B0AE-7C3D-4897-89C8-C0DC6CBA5F1C}.Release|Any CPU.Build.0 = Release|Any CPU
		{67D81331-1EB2-47BC-A1C8-9A5A4728B44C}.Debug|Any CPU.ActiveCfg = Debug|Any CPU
		{67D81331-1EB2-47BC-A1C8-9A5A4728B44C}.Debug|Any CPU.Build.0 = Debug|Any CPU
		{67D81331-1EB2-47BC-A1C8-9A5A4728B44C}.Release|Any CPU.ActiveCfg = Release|Any CPU
		{67D81331-1EB2-47BC-A1C8-9A5A4728B44C}.Release|Any CPU.Build.0 = Release|Any CPU
		{6994B12D-3937-4A94-865D-9C2B7A7B797C}.Debug|Any CPU.ActiveCfg = Debug|Any CPU
		{6994B12D-3937-4A94-865D-9C2B7A7B797C}.Debug|Any CPU.Build.0 = Debug|Any CPU
		{6994B12D-3937-4A94-865D-9C2B7A7B797C}.Release|Any CPU.ActiveCfg = Release|Any CPU
		{6994B12D-3937-4A94-865D-9C2B7A7B797C}.Release|Any CPU.Build.0 = Release|Any CPU
		{E8FA7B4A-12DB-4200-A8D6-A2A84EAFD157}.Debug|Any CPU.ActiveCfg = Debug|Any CPU
		{E8FA7B4A-12DB-4200-A8D6-A2A84EAFD157}.Debug|Any CPU.Build.0 = Debug|Any CPU
		{E8FA7B4A-12DB-4200-A8D6-A2A84EAFD157}.Release|Any CPU.ActiveCfg = Release|Any CPU
		{E8FA7B4A-12DB-4200-A8D6-A2A84EAFD157}.Release|Any CPU.Build.0 = Release|Any CPU
		{BFA5C4D6-DA23-40F1-82D6-57C4FEB30243}.Debug|Any CPU.ActiveCfg = Debug|Any CPU
		{BFA5C4D6-DA23-40F1-82D6-57C4FEB30243}.Debug|Any CPU.Build.0 = Debug|Any CPU
		{BFA5C4D6-DA23-40F1-82D6-57C4FEB30243}.Release|Any CPU.ActiveCfg = Release|Any CPU
		{BFA5C4D6-DA23-40F1-82D6-57C4FEB30243}.Release|Any CPU.Build.0 = Release|Any CPU
		{52669F27-358D-4F07-849A-4543A257DEE5}.Debug|Any CPU.ActiveCfg = Debug|Any CPU
		{52669F27-358D-4F07-849A-4543A257DEE5}.Debug|Any CPU.Build.0 = Debug|Any CPU
		{52669F27-358D-4F07-849A-4543A257DEE5}.Release|Any CPU.ActiveCfg = Release|Any CPU
		{52669F27-358D-4F07-849A-4543A257DEE5}.Release|Any CPU.Build.0 = Release|Any CPU
		{61FE8D05-CCA6-40D2-BF8B-CFF792054DE0}.Debug|Any CPU.ActiveCfg = Debug|Any CPU
		{61FE8D05-CCA6-40D2-BF8B-CFF792054DE0}.Debug|Any CPU.Build.0 = Debug|Any CPU
		{61FE8D05-CCA6-40D2-BF8B-CFF792054DE0}.Release|Any CPU.ActiveCfg = Release|Any CPU
		{61FE8D05-CCA6-40D2-BF8B-CFF792054DE0}.Release|Any CPU.Build.0 = Release|Any CPU
		{CF1C9FF8-CA28-4A9F-89A1-2B9359838A69}.Debug|Any CPU.ActiveCfg = Debug|Any CPU
		{CF1C9FF8-CA28-4A9F-89A1-2B9359838A69}.Debug|Any CPU.Build.0 = Debug|Any CPU
		{CF1C9FF8-CA28-4A9F-89A1-2B9359838A69}.Release|Any CPU.ActiveCfg = Release|Any CPU
		{CF1C9FF8-CA28-4A9F-89A1-2B9359838A69}.Release|Any CPU.Build.0 = Release|Any CPU
		{BD80DBE0-627B-44D7-9506-29E73877B40D}.Debug|Any CPU.ActiveCfg = Debug|Any CPU
		{BD80DBE0-627B-44D7-9506-29E73877B40D}.Debug|Any CPU.Build.0 = Debug|Any CPU
		{BD80DBE0-627B-44D7-9506-29E73877B40D}.Release|Any CPU.ActiveCfg = Release|Any CPU
		{BD80DBE0-627B-44D7-9506-29E73877B40D}.Release|Any CPU.Build.0 = Release|Any CPU
		{28582FCC-D98C-44D0-AA62-1BBCDE97F25E}.Debug|Any CPU.ActiveCfg = Debug|Any CPU
		{28582FCC-D98C-44D0-AA62-1BBCDE97F25E}.Debug|Any CPU.Build.0 = Debug|Any CPU
		{28582FCC-D98C-44D0-AA62-1BBCDE97F25E}.Release|Any CPU.ActiveCfg = Release|Any CPU
		{28582FCC-D98C-44D0-AA62-1BBCDE97F25E}.Release|Any CPU.Build.0 = Release|Any CPU
		{76596D38-4194-4CCE-980B-29998E2C5B79}.Debug|Any CPU.ActiveCfg = Debug|Any CPU
		{76596D38-4194-4CCE-980B-29998E2C5B79}.Debug|Any CPU.Build.0 = Debug|Any CPU
		{76596D38-4194-4CCE-980B-29998E2C5B79}.Release|Any CPU.ActiveCfg = Release|Any CPU
		{76596D38-4194-4CCE-980B-29998E2C5B79}.Release|Any CPU.Build.0 = Release|Any CPU
		{2E481AF0-8FC9-4796-BF37-723EA3F64D1B}.Debug|Any CPU.ActiveCfg = Debug|Any CPU
		{2E481AF0-8FC9-4796-BF37-723EA3F64D1B}.Debug|Any CPU.Build.0 = Debug|Any CPU
		{2E481AF0-8FC9-4796-BF37-723EA3F64D1B}.Release|Any CPU.ActiveCfg = Release|Any CPU
		{2E481AF0-8FC9-4796-BF37-723EA3F64D1B}.Release|Any CPU.Build.0 = Release|Any CPU
		{7AFE065F-FEB1-414E-B04B-2878DFCDB65B}.Debug|Any CPU.ActiveCfg = Debug|Any CPU
		{7AFE065F-FEB1-414E-B04B-2878DFCDB65B}.Debug|Any CPU.Build.0 = Debug|Any CPU
		{7AFE065F-FEB1-414E-B04B-2878DFCDB65B}.Release|Any CPU.ActiveCfg = Release|Any CPU
		{7AFE065F-FEB1-414E-B04B-2878DFCDB65B}.Release|Any CPU.Build.0 = Release|Any CPU
		{3B04074E-6F2F-4640-9085-1A420E44D5AF}.Debug|Any CPU.ActiveCfg = Debug|Any CPU
		{3B04074E-6F2F-4640-9085-1A420E44D5AF}.Debug|Any CPU.Build.0 = Debug|Any CPU
		{3B04074E-6F2F-4640-9085-1A420E44D5AF}.Release|Any CPU.ActiveCfg = Release|Any CPU
		{3B04074E-6F2F-4640-9085-1A420E44D5AF}.Release|Any CPU.Build.0 = Release|Any CPU
		{20B57C5A-7B64-4D30-A799-B06561007640}.Debug|Any CPU.ActiveCfg = Debug|Any CPU
		{20B57C5A-7B64-4D30-A799-B06561007640}.Debug|Any CPU.Build.0 = Debug|Any CPU
		{20B57C5A-7B64-4D30-A799-B06561007640}.Release|Any CPU.ActiveCfg = Release|Any CPU
		{20B57C5A-7B64-4D30-A799-B06561007640}.Release|Any CPU.Build.0 = Release|Any CPU
		{06C1648B-996A-484E-906A-3CF31EC19B6E}.Debug|Any CPU.ActiveCfg = Debug|Any CPU
		{06C1648B-996A-484E-906A-3CF31EC19B6E}.Debug|Any CPU.Build.0 = Debug|Any CPU
		{06C1648B-996A-484E-906A-3CF31EC19B6E}.Release|Any CPU.ActiveCfg = Release|Any CPU
		{06C1648B-996A-484E-906A-3CF31EC19B6E}.Release|Any CPU.Build.0 = Release|Any CPU
		{47D24365-AA91-4E10-8C63-6C3263F5E3D7}.Debug|Any CPU.ActiveCfg = Debug|Any CPU
		{47D24365-AA91-4E10-8C63-6C3263F5E3D7}.Debug|Any CPU.Build.0 = Debug|Any CPU
		{47D24365-AA91-4E10-8C63-6C3263F5E3D7}.Release|Any CPU.ActiveCfg = Release|Any CPU
		{47D24365-AA91-4E10-8C63-6C3263F5E3D7}.Release|Any CPU.Build.0 = Release|Any CPU
		{66CD7D77-3B9A-4CB0-AED7-3798F50BFC3A}.Debug|Any CPU.ActiveCfg = Debug|Any CPU
		{66CD7D77-3B9A-4CB0-AED7-3798F50BFC3A}.Debug|Any CPU.Build.0 = Debug|Any CPU
		{66CD7D77-3B9A-4CB0-AED7-3798F50BFC3A}.Release|Any CPU.ActiveCfg = Release|Any CPU
		{66CD7D77-3B9A-4CB0-AED7-3798F50BFC3A}.Release|Any CPU.Build.0 = Release|Any CPU
		{98B8D668-6CDE-404E-AFA3-03C9903FB513}.Debug|Any CPU.ActiveCfg = Debug|Any CPU
		{98B8D668-6CDE-404E-AFA3-03C9903FB513}.Debug|Any CPU.Build.0 = Debug|Any CPU
		{98B8D668-6CDE-404E-AFA3-03C9903FB513}.Release|Any CPU.ActiveCfg = Release|Any CPU
		{98B8D668-6CDE-404E-AFA3-03C9903FB513}.Release|Any CPU.Build.0 = Release|Any CPU
		{63ADACCD-032B-469E-99CB-C0BE91171B43}.Debug|Any CPU.ActiveCfg = Debug|Any CPU
		{63ADACCD-032B-469E-99CB-C0BE91171B43}.Debug|Any CPU.Build.0 = Debug|Any CPU
		{63ADACCD-032B-469E-99CB-C0BE91171B43}.Release|Any CPU.ActiveCfg = Release|Any CPU
		{63ADACCD-032B-469E-99CB-C0BE91171B43}.Release|Any CPU.Build.0 = Release|Any CPU
		{77FB04AC-B520-404A-8F9E-F7BFBC90423E}.Debug|Any CPU.ActiveCfg = Debug|Any CPU
		{77FB04AC-B520-404A-8F9E-F7BFBC90423E}.Debug|Any CPU.Build.0 = Debug|Any CPU
		{77FB04AC-B520-404A-8F9E-F7BFBC90423E}.Release|Any CPU.ActiveCfg = Release|Any CPU
		{77FB04AC-B520-404A-8F9E-F7BFBC90423E}.Release|Any CPU.Build.0 = Release|Any CPU
		{D8FF5DA9-8F27-4497-873E-6C2E64386B7B}.Debug|Any CPU.ActiveCfg = Debug|Any CPU
		{D8FF5DA9-8F27-4497-873E-6C2E64386B7B}.Debug|Any CPU.Build.0 = Debug|Any CPU
		{D8FF5DA9-8F27-4497-873E-6C2E64386B7B}.Release|Any CPU.ActiveCfg = Release|Any CPU
		{D8FF5DA9-8F27-4497-873E-6C2E64386B7B}.Release|Any CPU.Build.0 = Release|Any CPU
		{A2FB7D47-6E56-4585-B9A3-BEC5EAA0089D}.Debug|Any CPU.ActiveCfg = Debug|Any CPU
		{A2FB7D47-6E56-4585-B9A3-BEC5EAA0089D}.Debug|Any CPU.Build.0 = Debug|Any CPU
		{A2FB7D47-6E56-4585-B9A3-BEC5EAA0089D}.Release|Any CPU.ActiveCfg = Release|Any CPU
		{A2FB7D47-6E56-4585-B9A3-BEC5EAA0089D}.Release|Any CPU.Build.0 = Release|Any CPU
		{DFFF67FB-C70A-409D-AEB3-B40222C322D9}.Debug|Any CPU.ActiveCfg = Debug|Any CPU
		{DFFF67FB-C70A-409D-AEB3-B40222C322D9}.Debug|Any CPU.Build.0 = Debug|Any CPU
		{DFFF67FB-C70A-409D-AEB3-B40222C322D9}.Release|Any CPU.ActiveCfg = Release|Any CPU
		{DFFF67FB-C70A-409D-AEB3-B40222C322D9}.Release|Any CPU.Build.0 = Release|Any CPU
		{A196C5F7-B26E-4738-B1A4-FEEA754C03CA}.Debug|Any CPU.ActiveCfg = Debug|Any CPU
		{A196C5F7-B26E-4738-B1A4-FEEA754C03CA}.Debug|Any CPU.Build.0 = Debug|Any CPU
		{A196C5F7-B26E-4738-B1A4-FEEA754C03CA}.Release|Any CPU.ActiveCfg = Release|Any CPU
		{A196C5F7-B26E-4738-B1A4-FEEA754C03CA}.Release|Any CPU.Build.0 = Release|Any CPU
		{71A298BE-0595-4306-8340-A62576274245}.Debug|Any CPU.ActiveCfg = Debug|Any CPU
		{71A298BE-0595-4306-8340-A62576274245}.Debug|Any CPU.Build.0 = Debug|Any CPU
		{71A298BE-0595-4306-8340-A62576274245}.Release|Any CPU.ActiveCfg = Release|Any CPU
		{71A298BE-0595-4306-8340-A62576274245}.Release|Any CPU.Build.0 = Release|Any CPU
		{2E7B9870-3E2A-45E6-A981-0BB1A4AC4959}.Debug|Any CPU.ActiveCfg = Debug|Any CPU
		{2E7B9870-3E2A-45E6-A981-0BB1A4AC4959}.Debug|Any CPU.Build.0 = Debug|Any CPU
		{2E7B9870-3E2A-45E6-A981-0BB1A4AC4959}.Release|Any CPU.ActiveCfg = Release|Any CPU
		{2E7B9870-3E2A-45E6-A981-0BB1A4AC4959}.Release|Any CPU.Build.0 = Release|Any CPU
		{A92E3B43-6ECD-476E-80BF-9FD4CBE65512}.Debug|Any CPU.ActiveCfg = Debug|Any CPU
		{A92E3B43-6ECD-476E-80BF-9FD4CBE65512}.Debug|Any CPU.Build.0 = Debug|Any CPU
		{A92E3B43-6ECD-476E-80BF-9FD4CBE65512}.Release|Any CPU.ActiveCfg = Release|Any CPU
		{A92E3B43-6ECD-476E-80BF-9FD4CBE65512}.Release|Any CPU.Build.0 = Release|Any CPU
		{D8B1AFB3-AC1A-4E06-BA86-138CDCFB9010}.Debug|Any CPU.ActiveCfg = Debug|Any CPU
		{D8B1AFB3-AC1A-4E06-BA86-138CDCFB9010}.Debug|Any CPU.Build.0 = Debug|Any CPU
		{D8B1AFB3-AC1A-4E06-BA86-138CDCFB9010}.Release|Any CPU.ActiveCfg = Release|Any CPU
		{D8B1AFB3-AC1A-4E06-BA86-138CDCFB9010}.Release|Any CPU.Build.0 = Release|Any CPU
		{478DCC86-FBBA-4061-AD44-E917A77512B5}.Debug|Any CPU.ActiveCfg = Debug|Any CPU
		{478DCC86-FBBA-4061-AD44-E917A77512B5}.Debug|Any CPU.Build.0 = Debug|Any CPU
		{478DCC86-FBBA-4061-AD44-E917A77512B5}.Release|Any CPU.ActiveCfg = Release|Any CPU
		{478DCC86-FBBA-4061-AD44-E917A77512B5}.Release|Any CPU.Build.0 = Release|Any CPU
		{245220CB-AC60-477F-AC7F-A27CF03EE42B}.Debug|Any CPU.ActiveCfg = Debug|Any CPU
		{245220CB-AC60-477F-AC7F-A27CF03EE42B}.Debug|Any CPU.Build.0 = Debug|Any CPU
		{245220CB-AC60-477F-AC7F-A27CF03EE42B}.Release|Any CPU.ActiveCfg = Release|Any CPU
		{245220CB-AC60-477F-AC7F-A27CF03EE42B}.Release|Any CPU.Build.0 = Release|Any CPU
		{89E6FB70-22B3-45FA-98DE-D6E76D543497}.Debug|Any CPU.ActiveCfg = Debug|Any CPU
		{89E6FB70-22B3-45FA-98DE-D6E76D543497}.Debug|Any CPU.Build.0 = Debug|Any CPU
		{89E6FB70-22B3-45FA-98DE-D6E76D543497}.Release|Any CPU.ActiveCfg = Release|Any CPU
		{89E6FB70-22B3-45FA-98DE-D6E76D543497}.Release|Any CPU.Build.0 = Release|Any CPU
		{96AFDE33-7C64-4246-87D7-D7244160A718}.Debug|Any CPU.ActiveCfg = Debug|Any CPU
		{96AFDE33-7C64-4246-87D7-D7244160A718}.Debug|Any CPU.Build.0 = Debug|Any CPU
		{96AFDE33-7C64-4246-87D7-D7244160A718}.Release|Any CPU.ActiveCfg = Release|Any CPU
		{96AFDE33-7C64-4246-87D7-D7244160A718}.Release|Any CPU.Build.0 = Release|Any CPU
		{5F82A645-DAD0-4F71-9D52-2D25A66B1D19}.Debug|Any CPU.ActiveCfg = Debug|Any CPU
		{5F82A645-DAD0-4F71-9D52-2D25A66B1D19}.Debug|Any CPU.Build.0 = Debug|Any CPU
		{5F82A645-DAD0-4F71-9D52-2D25A66B1D19}.Release|Any CPU.ActiveCfg = Release|Any CPU
		{5F82A645-DAD0-4F71-9D52-2D25A66B1D19}.Release|Any CPU.Build.0 = Release|Any CPU
		{C499C5B0-CA3C-49FC-9392-9977A4B8EB42}.Debug|Any CPU.ActiveCfg = Debug|Any CPU
		{C499C5B0-CA3C-49FC-9392-9977A4B8EB42}.Debug|Any CPU.Build.0 = Debug|Any CPU
		{C499C5B0-CA3C-49FC-9392-9977A4B8EB42}.Release|Any CPU.ActiveCfg = Release|Any CPU
		{C499C5B0-CA3C-49FC-9392-9977A4B8EB42}.Release|Any CPU.Build.0 = Release|Any CPU
		{68126EAA-829A-4DF6-9A73-44A75C11AAF8}.Debug|Any CPU.ActiveCfg = Debug|Any CPU
		{68126EAA-829A-4DF6-9A73-44A75C11AAF8}.Debug|Any CPU.Build.0 = Debug|Any CPU
		{68126EAA-829A-4DF6-9A73-44A75C11AAF8}.Release|Any CPU.ActiveCfg = Release|Any CPU
		{68126EAA-829A-4DF6-9A73-44A75C11AAF8}.Release|Any CPU.Build.0 = Release|Any CPU
		{A159E2DF-4F22-4CFB-837F-07F67D517C6A}.Debug|Any CPU.ActiveCfg = Debug|Any CPU
		{A159E2DF-4F22-4CFB-837F-07F67D517C6A}.Debug|Any CPU.Build.0 = Debug|Any CPU
		{A159E2DF-4F22-4CFB-837F-07F67D517C6A}.Release|Any CPU.ActiveCfg = Release|Any CPU
		{A159E2DF-4F22-4CFB-837F-07F67D517C6A}.Release|Any CPU.Build.0 = Release|Any CPU
		{806E17F5-67E7-476D-99EF-B63DCD525278}.Debug|Any CPU.ActiveCfg = Debug|Any CPU
		{806E17F5-67E7-476D-99EF-B63DCD525278}.Debug|Any CPU.Build.0 = Debug|Any CPU
		{806E17F5-67E7-476D-99EF-B63DCD525278}.Release|Any CPU.ActiveCfg = Release|Any CPU
		{806E17F5-67E7-476D-99EF-B63DCD525278}.Release|Any CPU.Build.0 = Release|Any CPU
		{09A7FF65-B1CF-443C-A2CB-6C0FB7CCCE37}.Debug|Any CPU.ActiveCfg = Debug|Any CPU
		{09A7FF65-B1CF-443C-A2CB-6C0FB7CCCE37}.Debug|Any CPU.Build.0 = Debug|Any CPU
		{09A7FF65-B1CF-443C-A2CB-6C0FB7CCCE37}.Release|Any CPU.ActiveCfg = Release|Any CPU
		{09A7FF65-B1CF-443C-A2CB-6C0FB7CCCE37}.Release|Any CPU.Build.0 = Release|Any CPU
		{3AD2EBEA-C416-46FD-9B96-6042B17E44DF}.Debug|Any CPU.ActiveCfg = Debug|Any CPU
		{3AD2EBEA-C416-46FD-9B96-6042B17E44DF}.Debug|Any CPU.Build.0 = Debug|Any CPU
		{3AD2EBEA-C416-46FD-9B96-6042B17E44DF}.Release|Any CPU.ActiveCfg = Release|Any CPU
		{3AD2EBEA-C416-46FD-9B96-6042B17E44DF}.Release|Any CPU.Build.0 = Release|Any CPU
		{F395B404-FA5A-47A0-8A59-2CFFE5658D2B}.Debug|Any CPU.ActiveCfg = Debug|Any CPU
		{F395B404-FA5A-47A0-8A59-2CFFE5658D2B}.Debug|Any CPU.Build.0 = Debug|Any CPU
		{F395B404-FA5A-47A0-8A59-2CFFE5658D2B}.Release|Any CPU.ActiveCfg = Release|Any CPU
		{F395B404-FA5A-47A0-8A59-2CFFE5658D2B}.Release|Any CPU.Build.0 = Release|Any CPU
		{3719FB8A-BB9B-402B-BD61-7FE3F7CA7669}.Debug|Any CPU.ActiveCfg = Debug|Any CPU
		{3719FB8A-BB9B-402B-BD61-7FE3F7CA7669}.Debug|Any CPU.Build.0 = Debug|Any CPU
		{3719FB8A-BB9B-402B-BD61-7FE3F7CA7669}.Release|Any CPU.ActiveCfg = Release|Any CPU
		{3719FB8A-BB9B-402B-BD61-7FE3F7CA7669}.Release|Any CPU.Build.0 = Release|Any CPU
		{31F0B073-E35B-4843-BB23-9470DBBD0407}.Debug|Any CPU.ActiveCfg = Debug|Any CPU
		{31F0B073-E35B-4843-BB23-9470DBBD0407}.Debug|Any CPU.Build.0 = Debug|Any CPU
		{31F0B073-E35B-4843-BB23-9470DBBD0407}.Release|Any CPU.ActiveCfg = Release|Any CPU
		{31F0B073-E35B-4843-BB23-9470DBBD0407}.Release|Any CPU.Build.0 = Release|Any CPU
		{D2AE2964-94D9-4806-B9D1-81365E866930}.Debug|Any CPU.ActiveCfg = Debug|Any CPU
		{D2AE2964-94D9-4806-B9D1-81365E866930}.Debug|Any CPU.Build.0 = Debug|Any CPU
		{D2AE2964-94D9-4806-B9D1-81365E866930}.Release|Any CPU.ActiveCfg = Release|Any CPU
		{D2AE2964-94D9-4806-B9D1-81365E866930}.Release|Any CPU.Build.0 = Release|Any CPU
		{92DF9C0F-F886-4066-BAA1-959E6BA804D8}.Debug|Any CPU.ActiveCfg = Debug|Any CPU
		{92DF9C0F-F886-4066-BAA1-959E6BA804D8}.Debug|Any CPU.Build.0 = Debug|Any CPU
		{92DF9C0F-F886-4066-BAA1-959E6BA804D8}.Release|Any CPU.ActiveCfg = Release|Any CPU
		{92DF9C0F-F886-4066-BAA1-959E6BA804D8}.Release|Any CPU.Build.0 = Release|Any CPU
		{8D30B571-8190-49C4-9A90-55026E82822F}.Debug|Any CPU.ActiveCfg = Debug|Any CPU
		{8D30B571-8190-49C4-9A90-55026E82822F}.Debug|Any CPU.Build.0 = Debug|Any CPU
		{8D30B571-8190-49C4-9A90-55026E82822F}.Release|Any CPU.ActiveCfg = Release|Any CPU
		{8D30B571-8190-49C4-9A90-55026E82822F}.Release|Any CPU.Build.0 = Release|Any CPU
		{87016F79-6EAA-49BB-8C42-E6BCE5A53014}.Debug|Any CPU.ActiveCfg = Debug|Any CPU
		{87016F79-6EAA-49BB-8C42-E6BCE5A53014}.Debug|Any CPU.Build.0 = Debug|Any CPU
		{87016F79-6EAA-49BB-8C42-E6BCE5A53014}.Release|Any CPU.ActiveCfg = Release|Any CPU
		{87016F79-6EAA-49BB-8C42-E6BCE5A53014}.Release|Any CPU.Build.0 = Release|Any CPU
		{4795D5B0-995C-4F03-B7B2-E58E6748E7C3}.Debug|Any CPU.ActiveCfg = Debug|Any CPU
		{4795D5B0-995C-4F03-B7B2-E58E6748E7C3}.Debug|Any CPU.Build.0 = Debug|Any CPU
		{4795D5B0-995C-4F03-B7B2-E58E6748E7C3}.Release|Any CPU.ActiveCfg = Release|Any CPU
		{4795D5B0-995C-4F03-B7B2-E58E6748E7C3}.Release|Any CPU.Build.0 = Release|Any CPU
		{FA25FECF-D92D-4C4D-8A00-52AD9C86DDDF}.Debug|Any CPU.ActiveCfg = Debug|Any CPU
		{FA25FECF-D92D-4C4D-8A00-52AD9C86DDDF}.Debug|Any CPU.Build.0 = Debug|Any CPU
		{FA25FECF-D92D-4C4D-8A00-52AD9C86DDDF}.Release|Any CPU.ActiveCfg = Release|Any CPU
		{FA25FECF-D92D-4C4D-8A00-52AD9C86DDDF}.Release|Any CPU.Build.0 = Release|Any CPU
		{922BFA02-87C9-45B0-B212-6C94069D0C97}.Debug|Any CPU.ActiveCfg = Debug|Any CPU
		{922BFA02-87C9-45B0-B212-6C94069D0C97}.Debug|Any CPU.Build.0 = Debug|Any CPU
		{922BFA02-87C9-45B0-B212-6C94069D0C97}.Release|Any CPU.ActiveCfg = Release|Any CPU
		{922BFA02-87C9-45B0-B212-6C94069D0C97}.Release|Any CPU.Build.0 = Release|Any CPU
		{86AF4D75-5606-4DB1-A0EB-475A0C5A2FBF}.Debug|Any CPU.ActiveCfg = Debug|Any CPU
		{86AF4D75-5606-4DB1-A0EB-475A0C5A2FBF}.Debug|Any CPU.Build.0 = Debug|Any CPU
		{86AF4D75-5606-4DB1-A0EB-475A0C5A2FBF}.Release|Any CPU.ActiveCfg = Release|Any CPU
		{86AF4D75-5606-4DB1-A0EB-475A0C5A2FBF}.Release|Any CPU.Build.0 = Release|Any CPU
		{A561331E-F0E7-4338-9DB6-5A23AFBDC116}.Debug|Any CPU.ActiveCfg = Debug|Any CPU
		{A561331E-F0E7-4338-9DB6-5A23AFBDC116}.Debug|Any CPU.Build.0 = Debug|Any CPU
		{A561331E-F0E7-4338-9DB6-5A23AFBDC116}.Release|Any CPU.ActiveCfg = Release|Any CPU
		{A561331E-F0E7-4338-9DB6-5A23AFBDC116}.Release|Any CPU.Build.0 = Release|Any CPU
		{41DB5A76-1B8C-486B-8F02-3CFE086D4CA3}.Debug|Any CPU.ActiveCfg = Debug|Any CPU
		{41DB5A76-1B8C-486B-8F02-3CFE086D4CA3}.Debug|Any CPU.Build.0 = Debug|Any CPU
		{41DB5A76-1B8C-486B-8F02-3CFE086D4CA3}.Release|Any CPU.ActiveCfg = Release|Any CPU
		{41DB5A76-1B8C-486B-8F02-3CFE086D4CA3}.Release|Any CPU.Build.0 = Release|Any CPU
		{59769055-29BC-4AEB-927A-8F13F8FE2868}.Debug|Any CPU.ActiveCfg = Debug|Any CPU
		{59769055-29BC-4AEB-927A-8F13F8FE2868}.Debug|Any CPU.Build.0 = Debug|Any CPU
		{59769055-29BC-4AEB-927A-8F13F8FE2868}.Release|Any CPU.ActiveCfg = Release|Any CPU
		{59769055-29BC-4AEB-927A-8F13F8FE2868}.Release|Any CPU.Build.0 = Release|Any CPU
		{1F714CAD-5905-4E1A-BD84-B303F0AA00F8}.Debug|Any CPU.ActiveCfg = Debug|Any CPU
		{1F714CAD-5905-4E1A-BD84-B303F0AA00F8}.Debug|Any CPU.Build.0 = Debug|Any CPU
		{1F714CAD-5905-4E1A-BD84-B303F0AA00F8}.Release|Any CPU.ActiveCfg = Release|Any CPU
		{1F714CAD-5905-4E1A-BD84-B303F0AA00F8}.Release|Any CPU.Build.0 = Release|Any CPU
		{06159261-A8B6-415F-96E7-34655EEE7AEA}.Debug|Any CPU.ActiveCfg = Debug|Any CPU
		{06159261-A8B6-415F-96E7-34655EEE7AEA}.Debug|Any CPU.Build.0 = Debug|Any CPU
		{06159261-A8B6-415F-96E7-34655EEE7AEA}.Release|Any CPU.ActiveCfg = Release|Any CPU
		{06159261-A8B6-415F-96E7-34655EEE7AEA}.Release|Any CPU.Build.0 = Release|Any CPU
		{364FB4CE-89F4-493A-AE34-F023BFDA630E}.Debug|Any CPU.ActiveCfg = Debug|Any CPU
		{364FB4CE-89F4-493A-AE34-F023BFDA630E}.Debug|Any CPU.Build.0 = Debug|Any CPU
		{364FB4CE-89F4-493A-AE34-F023BFDA630E}.Release|Any CPU.ActiveCfg = Release|Any CPU
		{364FB4CE-89F4-493A-AE34-F023BFDA630E}.Release|Any CPU.Build.0 = Release|Any CPU
		{57BEC9B6-84F8-45D3-865D-9B6AB193BC70}.Debug|Any CPU.ActiveCfg = Debug|Any CPU
		{57BEC9B6-84F8-45D3-865D-9B6AB193BC70}.Debug|Any CPU.Build.0 = Debug|Any CPU
		{57BEC9B6-84F8-45D3-865D-9B6AB193BC70}.Release|Any CPU.ActiveCfg = Release|Any CPU
		{57BEC9B6-84F8-45D3-865D-9B6AB193BC70}.Release|Any CPU.Build.0 = Release|Any CPU
		{4C876854-AF60-4411-998A-A4096DD5B341}.Debug|Any CPU.ActiveCfg = Debug|Any CPU
		{4C876854-AF60-4411-998A-A4096DD5B341}.Debug|Any CPU.Build.0 = Debug|Any CPU
		{4C876854-AF60-4411-998A-A4096DD5B341}.Release|Any CPU.ActiveCfg = Release|Any CPU
		{4C876854-AF60-4411-998A-A4096DD5B341}.Release|Any CPU.Build.0 = Release|Any CPU
		{68289125-FC36-4164-8BC2-4C8B2289B352}.Debug|Any CPU.ActiveCfg = Debug|Any CPU
		{68289125-FC36-4164-8BC2-4C8B2289B352}.Debug|Any CPU.Build.0 = Debug|Any CPU
		{68289125-FC36-4164-8BC2-4C8B2289B352}.Release|Any CPU.ActiveCfg = Release|Any CPU
		{68289125-FC36-4164-8BC2-4C8B2289B352}.Release|Any CPU.Build.0 = Release|Any CPU
		{173FE678-00AA-4E8B-85DB-97E499E443A7}.Debug|Any CPU.ActiveCfg = Debug|Any CPU
		{173FE678-00AA-4E8B-85DB-97E499E443A7}.Debug|Any CPU.Build.0 = Debug|Any CPU
		{173FE678-00AA-4E8B-85DB-97E499E443A7}.Release|Any CPU.ActiveCfg = Release|Any CPU
		{173FE678-00AA-4E8B-85DB-97E499E443A7}.Release|Any CPU.Build.0 = Release|Any CPU
	EndGlobalSection
	GlobalSection(SolutionProperties) = preSolution
		HideSolutionNode = FALSE
	EndGlobalSection
	GlobalSection(NestedProjects) = preSolution
		{00BE907B-3852-480F-9ABC-5B4C5D4595B6} = {EEE1C452-EDDF-47E2-842B-970E33C42FA5}
		{28582FCC-D98C-44D0-AA62-1BBCDE97F25E} = {EEE1C452-EDDF-47E2-842B-970E33C42FA5}
		{7AFE065F-FEB1-414E-B04B-2878DFCDB65B} = {816692E7-24DC-46B5-97FB-D314B52D815D}
		{3B04074E-6F2F-4640-9085-1A420E44D5AF} = {816692E7-24DC-46B5-97FB-D314B52D815D}
		{20B57C5A-7B64-4D30-A799-B06561007640} = {816692E7-24DC-46B5-97FB-D314B52D815D}
		{06C1648B-996A-484E-906A-3CF31EC19B6E} = {816692E7-24DC-46B5-97FB-D314B52D815D}
		{47D24365-AA91-4E10-8C63-6C3263F5E3D7} = {816692E7-24DC-46B5-97FB-D314B52D815D}
		{66CD7D77-3B9A-4CB0-AED7-3798F50BFC3A} = {816692E7-24DC-46B5-97FB-D314B52D815D}
		{98B8D668-6CDE-404E-AFA3-03C9903FB513} = {816692E7-24DC-46B5-97FB-D314B52D815D}
		{63ADACCD-032B-469E-99CB-C0BE91171B43} = {816692E7-24DC-46B5-97FB-D314B52D815D}
		{77FB04AC-B520-404A-8F9E-F7BFBC90423E} = {816692E7-24DC-46B5-97FB-D314B52D815D}
		{D8FF5DA9-8F27-4497-873E-6C2E64386B7B} = {816692E7-24DC-46B5-97FB-D314B52D815D}
		{A2FB7D47-6E56-4585-B9A3-BEC5EAA0089D} = {816692E7-24DC-46B5-97FB-D314B52D815D}
		{DFFF67FB-C70A-409D-AEB3-B40222C322D9} = {816692E7-24DC-46B5-97FB-D314B52D815D}
		{A196C5F7-B26E-4738-B1A4-FEEA754C03CA} = {816692E7-24DC-46B5-97FB-D314B52D815D}
		{71A298BE-0595-4306-8340-A62576274245} = {816692E7-24DC-46B5-97FB-D314B52D815D}
		{A92E3B43-6ECD-476E-80BF-9FD4CBE65512} = {816692E7-24DC-46B5-97FB-D314B52D815D}
		{C499C5B0-CA3C-49FC-9392-9977A4B8EB42} = {816692E7-24DC-46B5-97FB-D314B52D815D}
		{68126EAA-829A-4DF6-9A73-44A75C11AAF8} = {816692E7-24DC-46B5-97FB-D314B52D815D}
		{A159E2DF-4F22-4CFB-837F-07F67D517C6A} = {816692E7-24DC-46B5-97FB-D314B52D815D}
		{806E17F5-67E7-476D-99EF-B63DCD525278} = {816692E7-24DC-46B5-97FB-D314B52D815D}
		{3AD2EBEA-C416-46FD-9B96-6042B17E44DF} = {816692E7-24DC-46B5-97FB-D314B52D815D}
		{3719FB8A-BB9B-402B-BD61-7FE3F7CA7669} = {816692E7-24DC-46B5-97FB-D314B52D815D}
		{92DF9C0F-F886-4066-BAA1-959E6BA804D8} = {816692E7-24DC-46B5-97FB-D314B52D815D}
		{4795D5B0-995C-4F03-B7B2-E58E6748E7C3} = {816692E7-24DC-46B5-97FB-D314B52D815D}
		{FA25FECF-D92D-4C4D-8A00-52AD9C86DDDF} = {816692E7-24DC-46B5-97FB-D314B52D815D}
		{86AF4D75-5606-4DB1-A0EB-475A0C5A2FBF} = {816692E7-24DC-46B5-97FB-D314B52D815D}
		{A561331E-F0E7-4338-9DB6-5A23AFBDC116} = {816692E7-24DC-46B5-97FB-D314B52D815D}
		{41DB5A76-1B8C-486B-8F02-3CFE086D4CA3} = {EEE1C452-EDDF-47E2-842B-970E33C42FA5}
		{59769055-29BC-4AEB-927A-8F13F8FE2868} = {EEE1C452-EDDF-47E2-842B-970E33C42FA5}
		{57BEC9B6-84F8-45D3-865D-9B6AB193BC70} = {816692E7-24DC-46B5-97FB-D314B52D815D}
		{68289125-FC36-4164-8BC2-4C8B2289B352} = {816692E7-24DC-46B5-97FB-D314B52D815D}
	EndGlobalSection
	GlobalSection(ExtensibilityGlobals) = postSolution
		SolutionGuid = {5E2AB5E9-3322-4898-B244-CF15E159CF16}
	EndGlobalSection
EndGlobal
