
Microsoft Visual Studio Solution File, Format Version 12.00
# Visual Studio 14
VisualStudioVersion = 14.0.25420.1
MinimumVisualStudioVersion = 10.0.40219.1
Project("{FAE04EC0-301F-11D3-BF4B-00C04F79EFBC}") = "Kephas.Core", "Kephas.Core\Kephas.Core.csproj", "{42523208-F30B-46C1-99FB-A1A1E079614C}"
EndProject
Project("{2150E333-8FDC-42A3-9474-1A3956D46DE8}") = "Shared", "Shared", "{ECCB2F9D-7095-4708-9725-87CACE62C7F7}"
	ProjectSection(SolutionItems) = preProject
		Shared\AssemblyInfo.Kephas.cs = Shared\AssemblyInfo.Kephas.cs
	EndProjectSection
EndProject
Project("{2150E333-8FDC-42A3-9474-1A3956D46DE8}") = "Tests", "Tests", "{816692E7-24DC-46B5-97FB-D314B52D815D}"
EndProject
Project("{FAE04EC0-301F-11D3-BF4B-00C04F79EFBC}") = "Kephas.Core.Tests", "Tests\Kephas.Core.Tests\Kephas.Core.Tests.csproj", "{6DCFD4C6-26FA-46F0-A959-16D9ACB40DD0}"
EndProject
Project("{FAE04EC0-301F-11D3-BF4B-00C04F79EFBC}") = "Kephas.Composition.Mef", "Kephas.Composition.Mef\Kephas.Composition.Mef.csproj", "{32FA6130-DDF0-4D2F-8057-A38EF9ED3D49}"
EndProject
Project("{FAE04EC0-301F-11D3-BF4B-00C04F79EFBC}") = "Kephas.Messaging", "Kephas.Messaging\Kephas.Messaging.csproj", "{1B8691E7-C070-4EBA-B999-DE4989589409}"
EndProject
Project("{FAE04EC0-301F-11D3-BF4B-00C04F79EFBC}") = "Kephas.Serialization.Json", "Kephas.Serialization.Json\Kephas.Serialization.Json.csproj", "{A1A9CB93-6D34-4912-8544-AA273C19234E}"
EndProject
Project("{FAE04EC0-301F-11D3-BF4B-00C04F79EFBC}") = "Kephas.Logging.NLog", "Kephas.Logging.NLog\Kephas.Logging.NLog.csproj", "{8CB50297-39C4-45F5-9195-14A75D699710}"
EndProject
Project("{FAE04EC0-301F-11D3-BF4B-00C04F79EFBC}") = "Kephas.Model", "Kephas.Model\Kephas.Model.csproj", "{965E1983-D19C-4D22-B6B9-8A3221520542}"
EndProject
Project("{FAE04EC0-301F-11D3-BF4B-00C04F79EFBC}") = "Kephas.Data", "Kephas.Data\Kephas.Data.csproj", "{8591C924-3C04-413F-A530-7A5575B45966}"
EndProject
Project("{FAE04EC0-301F-11D3-BF4B-00C04F79EFBC}") = "Kephas.Data.Tests", "Tests\Kephas.Data.Tests\Kephas.Data.Tests.csproj", "{3722480D-43A7-4FB3-9227-E80D7F26C242}"
EndProject
Project("{FAE04EC0-301F-11D3-BF4B-00C04F79EFBC}") = "Kephas.Model.Tests", "Tests\Kephas.Model.Tests\Kephas.Model.Tests.csproj", "{918F8D47-7BF5-4005-A92A-7B9C62D3EF7A}"
EndProject
Project("{FAE04EC0-301F-11D3-BF4B-00C04F79EFBC}") = "Kephas.Serialization.Json.Tests", "Tests\Kephas.Serialization.Json.Tests\Kephas.Serialization.Json.Tests.csproj", "{7ABF070C-A6F1-4588-BAD7-3BF0F0BA4BB5}"
EndProject
Project("{2150E333-8FDC-42A3-9474-1A3956D46DE8}") = "Documentation", "Documentation", "{344D159A-34BA-4F2F-97E1-983BCA5CF7D3}"
	ProjectSection(SolutionItems) = preProject
		Documentation\Kephas.Core.docx = Documentation\Kephas.Core.docx
		Documentation\ModelContracts.png = Documentation\ModelContracts.png
	EndProjectSection
EndProject
Project("{2150E333-8FDC-42A3-9474-1A3956D46DE8}") = "Deployment", "Deployment", "{B5E8C7E1-C334-4C6C-B7C1-61D4618B21E7}"
	ProjectSection(SolutionItems) = preProject
		Deployment\DeployNugetPackages.cmd = Deployment\DeployNugetPackages.cmd
	EndProjectSection
EndProject
Project("{FAE04EC0-301F-11D3-BF4B-00C04F79EFBC}") = "Kephas.Logging.Log4Net", "Kephas.Logging.Log4Net\Kephas.Logging.Log4Net.csproj", "{9617E81A-E96C-4EA9-8DA8-0518DA57C9B2}"
EndProject
Project("{FAE04EC0-301F-11D3-BF4B-00C04F79EFBC}") = "Kephas.Mail", "Kephas.Mail\Kephas.Mail.csproj", "{81636A6E-F3CA-4B4F-9D94-05AD1BCFF98D}"
EndProject
Project("{FAE04EC0-301F-11D3-BF4B-00C04F79EFBC}") = "Kephas.Data.DocumentDB", "Kephas.Data.DocumentDB\Kephas.Data.DocumentDB.csproj", "{40763700-491A-49BE-86BF-D4F28C9C8D9F}"
EndProject
Project("{FAE04EC0-301F-11D3-BF4B-00C04F79EFBC}") = "Kephas.Web.Owin", "Kephas.Web.Owin\Kephas.Web.Owin.csproj", "{D4A22CB1-1DD0-4C40-A79A-81B939C58059}"
EndProject
Project("{2150E333-8FDC-42A3-9474-1A3956D46DE8}") = "TestingFramework", "TestingFramework", "{EEE1C452-EDDF-47E2-842B-970E33C42FA5}"
EndProject
Project("{2150E333-8FDC-42A3-9474-1A3956D46DE8}") = "Configuration", "Configuration", "{AB144611-DCE3-4DF6-8D58-08A410E7D978}"
	ProjectSection(SolutionItems) = preProject
		..\nuget.config = ..\nuget.config
	EndProjectSection
EndProject
Project("{FAE04EC0-301F-11D3-BF4B-00C04F79EFBC}") = "Kephas.Platform.Net", "Kephas.Platform.Net\Kephas.Platform.Net.csproj", "{978E5D74-A18F-48D0-8D69-678DF2FB0C2A}"
EndProject
Project("{FAE04EC0-301F-11D3-BF4B-00C04F79EFBC}") = "Kephas.Messaging.Tests", "Tests\Kephas.Messaging.Tests\Kephas.Messaging.Tests.csproj", "{D86A56DF-A18D-4051-A341-CBCEA5AE5E81}"
EndProject
Project("{FAE04EC0-301F-11D3-BF4B-00C04F79EFBC}") = "Kephas.Platform.Net46", "Kephas.Platform.Net46\Kephas.Platform.Net46.csproj", "{E4C34864-2654-4DD3-992C-AA56AB141016}"
EndProject
Project("{FAE04EC0-301F-11D3-BF4B-00C04F79EFBC}") = "Kephas.Mail.Net46", "Kephas.Mail.Net46\Kephas.Mail.Net46.csproj", "{51222BCB-E855-4CF5-9BB0-4049EE035E54}"
EndProject
Project("{FAE04EC0-301F-11D3-BF4B-00C04F79EFBC}") = "Kephas.Platform.Net46.Tests", "Tests\Kephas.Platform.Net46.Tests\Kephas.Platform.Net46.Tests.csproj", "{47D62E55-5A98-466A-BD34-54E1FC6BD8F5}"
EndProject
Project("{FAE04EC0-301F-11D3-BF4B-00C04F79EFBC}") = "Kephas.Testing.Composition.Mef", "TestingFramework\Kephas.Testing.Composition.Mef\Kephas.Testing.Composition.Mef.csproj", "{00BE907B-3852-480F-9ABC-5B4C5D4595B6}"
EndProject
Project("{FAE04EC0-301F-11D3-BF4B-00C04F79EFBC}") = "Kephas.Testing.Core", "TestingFramework\Kephas.Testing.Core\Kephas.Testing.Core.csproj", "{A8025C4F-667A-4996-86E1-7A7F6B787447}"
EndProject
Project("{FAE04EC0-301F-11D3-BF4B-00C04F79EFBC}") = "Kephas.Composition.Mef.Tests", "Tests\Kephas.Composition.Mef.Tests\Kephas.Composition.Mef.Tests.csproj", "{178F43C4-5A62-4BF5-9173-751B0B25352E}"
EndProject
Project("{FAE04EC0-301F-11D3-BF4B-00C04F79EFBC}") = "Kephas.Composition.Mef.Net46", "Kephas.Composition.Mef.Net46\Kephas.Composition.Mef.Net46.csproj", "{E086F88C-C9D8-43F0-B6D6-57D8BE2CC345}"
EndProject
Project("{FAE04EC0-301F-11D3-BF4B-00C04F79EFBC}") = "Kephas.Testing.Composition.Mef.Net46", "TestingFramework\Kephas.Testing.Composition.Mef.Net46\Kephas.Testing.Composition.Mef.Net46.csproj", "{3EE28636-0818-408D-9409-F70A48479F4F}"
EndProject
Project("{FAE04EC0-301F-11D3-BF4B-00C04F79EFBC}") = "Kephas.Composition.Mef.Net46.Tests", "Tests\Kephas.Composition.Mef.Net46.Tests\Kephas.Composition.Mef.Net46.Tests.csproj", "{8994A0CD-F82A-4EFF-BC43-B314CE273238}"
EndProject
Project("{FAE04EC0-301F-11D3-BF4B-00C04F79EFBC}") = "Kephas.Logging.NLog.Net46", "Kephas.Logging.NLog.Net46\Kephas.Logging.NLog.Net46.csproj", "{52829664-67BD-4E26-B5E4-1D5E1FC5597B}"
EndProject
Project("{FAE04EC0-301F-11D3-BF4B-00C04F79EFBC}") = "Kephas.Core.PortableLegacy", "Kephas.Core.PortableLegacy\Kephas.Core.PortableLegacy.csproj", "{849DBE3F-2A99-4EAF-B317-1F09AD0D232C}"
EndProject
Project("{FAE04EC0-301F-11D3-BF4B-00C04F79EFBC}") = "Kephas.Platform.Net45", "Kephas.Platform.Net45\Kephas.Platform.Net45.csproj", "{29C653AB-FE45-4629-8FAE-5BD2D956AFAF}"
EndProject
Project("{FAE04EC0-301F-11D3-BF4B-00C04F79EFBC}") = "Kephas.Composition.Mef.Net45", "Kephas.Composition.Mef.Net45\Kephas.Composition.Mef.Net45.csproj", "{2F644DAB-EBE5-4548-AF2A-DD43948503DE}"
EndProject
Project("{FAE04EC0-301F-11D3-BF4B-00C04F79EFBC}") = "Kephas.Data.MongoDB", "Kephas.Data.MongoDB\Kephas.Data.MongoDB.csproj", "{39F25EA0-9404-44FF-B3E3-B9C1152C1A24}"
EndProject
Global
	GlobalSection(SolutionConfigurationPlatforms) = preSolution
		Debug|Any CPU = Debug|Any CPU
		Release|Any CPU = Release|Any CPU
	EndGlobalSection
	GlobalSection(ProjectConfigurationPlatforms) = postSolution
		{42523208-F30B-46C1-99FB-A1A1E079614C}.Debug|Any CPU.ActiveCfg = Debug|Any CPU
		{42523208-F30B-46C1-99FB-A1A1E079614C}.Debug|Any CPU.Build.0 = Debug|Any CPU
		{42523208-F30B-46C1-99FB-A1A1E079614C}.Release|Any CPU.ActiveCfg = Release|Any CPU
		{42523208-F30B-46C1-99FB-A1A1E079614C}.Release|Any CPU.Build.0 = Release|Any CPU
		{6DCFD4C6-26FA-46F0-A959-16D9ACB40DD0}.Debug|Any CPU.ActiveCfg = Debug|Any CPU
		{6DCFD4C6-26FA-46F0-A959-16D9ACB40DD0}.Debug|Any CPU.Build.0 = Debug|Any CPU
		{6DCFD4C6-26FA-46F0-A959-16D9ACB40DD0}.Release|Any CPU.ActiveCfg = Release|Any CPU
		{6DCFD4C6-26FA-46F0-A959-16D9ACB40DD0}.Release|Any CPU.Build.0 = Release|Any CPU
		{32FA6130-DDF0-4D2F-8057-A38EF9ED3D49}.Debug|Any CPU.ActiveCfg = Debug|Any CPU
		{32FA6130-DDF0-4D2F-8057-A38EF9ED3D49}.Debug|Any CPU.Build.0 = Debug|Any CPU
		{32FA6130-DDF0-4D2F-8057-A38EF9ED3D49}.Release|Any CPU.ActiveCfg = Release|Any CPU
		{32FA6130-DDF0-4D2F-8057-A38EF9ED3D49}.Release|Any CPU.Build.0 = Release|Any CPU
		{1B8691E7-C070-4EBA-B999-DE4989589409}.Debug|Any CPU.ActiveCfg = Debug|Any CPU
		{1B8691E7-C070-4EBA-B999-DE4989589409}.Debug|Any CPU.Build.0 = Debug|Any CPU
		{1B8691E7-C070-4EBA-B999-DE4989589409}.Release|Any CPU.ActiveCfg = Release|Any CPU
		{1B8691E7-C070-4EBA-B999-DE4989589409}.Release|Any CPU.Build.0 = Release|Any CPU
		{A1A9CB93-6D34-4912-8544-AA273C19234E}.Debug|Any CPU.ActiveCfg = Debug|Any CPU
		{A1A9CB93-6D34-4912-8544-AA273C19234E}.Debug|Any CPU.Build.0 = Debug|Any CPU
		{A1A9CB93-6D34-4912-8544-AA273C19234E}.Release|Any CPU.ActiveCfg = Release|Any CPU
		{A1A9CB93-6D34-4912-8544-AA273C19234E}.Release|Any CPU.Build.0 = Release|Any CPU
		{8CB50297-39C4-45F5-9195-14A75D699710}.Debug|Any CPU.ActiveCfg = Debug|Any CPU
		{8CB50297-39C4-45F5-9195-14A75D699710}.Debug|Any CPU.Build.0 = Debug|Any CPU
		{8CB50297-39C4-45F5-9195-14A75D699710}.Release|Any CPU.ActiveCfg = Release|Any CPU
		{8CB50297-39C4-45F5-9195-14A75D699710}.Release|Any CPU.Build.0 = Release|Any CPU
		{965E1983-D19C-4D22-B6B9-8A3221520542}.Debug|Any CPU.ActiveCfg = Debug|Any CPU
		{965E1983-D19C-4D22-B6B9-8A3221520542}.Debug|Any CPU.Build.0 = Debug|Any CPU
		{965E1983-D19C-4D22-B6B9-8A3221520542}.Release|Any CPU.ActiveCfg = Release|Any CPU
		{965E1983-D19C-4D22-B6B9-8A3221520542}.Release|Any CPU.Build.0 = Release|Any CPU
		{8591C924-3C04-413F-A530-7A5575B45966}.Debug|Any CPU.ActiveCfg = Debug|Any CPU
		{8591C924-3C04-413F-A530-7A5575B45966}.Debug|Any CPU.Build.0 = Debug|Any CPU
		{8591C924-3C04-413F-A530-7A5575B45966}.Release|Any CPU.ActiveCfg = Release|Any CPU
		{8591C924-3C04-413F-A530-7A5575B45966}.Release|Any CPU.Build.0 = Release|Any CPU
		{3722480D-43A7-4FB3-9227-E80D7F26C242}.Debug|Any CPU.ActiveCfg = Debug|Any CPU
		{3722480D-43A7-4FB3-9227-E80D7F26C242}.Debug|Any CPU.Build.0 = Debug|Any CPU
		{3722480D-43A7-4FB3-9227-E80D7F26C242}.Release|Any CPU.ActiveCfg = Release|Any CPU
		{3722480D-43A7-4FB3-9227-E80D7F26C242}.Release|Any CPU.Build.0 = Release|Any CPU
		{918F8D47-7BF5-4005-A92A-7B9C62D3EF7A}.Debug|Any CPU.ActiveCfg = Debug|Any CPU
		{918F8D47-7BF5-4005-A92A-7B9C62D3EF7A}.Debug|Any CPU.Build.0 = Debug|Any CPU
		{918F8D47-7BF5-4005-A92A-7B9C62D3EF7A}.Release|Any CPU.ActiveCfg = Release|Any CPU
		{918F8D47-7BF5-4005-A92A-7B9C62D3EF7A}.Release|Any CPU.Build.0 = Release|Any CPU
		{7ABF070C-A6F1-4588-BAD7-3BF0F0BA4BB5}.Debug|Any CPU.ActiveCfg = Debug|Any CPU
		{7ABF070C-A6F1-4588-BAD7-3BF0F0BA4BB5}.Debug|Any CPU.Build.0 = Debug|Any CPU
		{7ABF070C-A6F1-4588-BAD7-3BF0F0BA4BB5}.Release|Any CPU.ActiveCfg = Release|Any CPU
		{7ABF070C-A6F1-4588-BAD7-3BF0F0BA4BB5}.Release|Any CPU.Build.0 = Release|Any CPU
		{9617E81A-E96C-4EA9-8DA8-0518DA57C9B2}.Debug|Any CPU.ActiveCfg = Debug|Any CPU
		{9617E81A-E96C-4EA9-8DA8-0518DA57C9B2}.Debug|Any CPU.Build.0 = Debug|Any CPU
		{9617E81A-E96C-4EA9-8DA8-0518DA57C9B2}.Release|Any CPU.ActiveCfg = Release|Any CPU
		{9617E81A-E96C-4EA9-8DA8-0518DA57C9B2}.Release|Any CPU.Build.0 = Release|Any CPU
		{81636A6E-F3CA-4B4F-9D94-05AD1BCFF98D}.Debug|Any CPU.ActiveCfg = Debug|Any CPU
		{81636A6E-F3CA-4B4F-9D94-05AD1BCFF98D}.Debug|Any CPU.Build.0 = Debug|Any CPU
		{81636A6E-F3CA-4B4F-9D94-05AD1BCFF98D}.Release|Any CPU.ActiveCfg = Release|Any CPU
		{81636A6E-F3CA-4B4F-9D94-05AD1BCFF98D}.Release|Any CPU.Build.0 = Release|Any CPU
		{40763700-491A-49BE-86BF-D4F28C9C8D9F}.Debug|Any CPU.ActiveCfg = Debug|Any CPU
		{40763700-491A-49BE-86BF-D4F28C9C8D9F}.Debug|Any CPU.Build.0 = Debug|Any CPU
		{40763700-491A-49BE-86BF-D4F28C9C8D9F}.Release|Any CPU.ActiveCfg = Release|Any CPU
		{40763700-491A-49BE-86BF-D4F28C9C8D9F}.Release|Any CPU.Build.0 = Release|Any CPU
		{D4A22CB1-1DD0-4C40-A79A-81B939C58059}.Debug|Any CPU.ActiveCfg = Debug|Any CPU
		{D4A22CB1-1DD0-4C40-A79A-81B939C58059}.Debug|Any CPU.Build.0 = Debug|Any CPU
		{D4A22CB1-1DD0-4C40-A79A-81B939C58059}.Release|Any CPU.ActiveCfg = Release|Any CPU
		{D4A22CB1-1DD0-4C40-A79A-81B939C58059}.Release|Any CPU.Build.0 = Release|Any CPU
		{978E5D74-A18F-48D0-8D69-678DF2FB0C2A}.Debug|Any CPU.ActiveCfg = Debug|Any CPU
		{978E5D74-A18F-48D0-8D69-678DF2FB0C2A}.Debug|Any CPU.Build.0 = Debug|Any CPU
		{978E5D74-A18F-48D0-8D69-678DF2FB0C2A}.Release|Any CPU.ActiveCfg = Release|Any CPU
		{978E5D74-A18F-48D0-8D69-678DF2FB0C2A}.Release|Any CPU.Build.0 = Release|Any CPU
		{D86A56DF-A18D-4051-A341-CBCEA5AE5E81}.Debug|Any CPU.ActiveCfg = Debug|Any CPU
		{D86A56DF-A18D-4051-A341-CBCEA5AE5E81}.Debug|Any CPU.Build.0 = Debug|Any CPU
		{D86A56DF-A18D-4051-A341-CBCEA5AE5E81}.Release|Any CPU.ActiveCfg = Release|Any CPU
		{D86A56DF-A18D-4051-A341-CBCEA5AE5E81}.Release|Any CPU.Build.0 = Release|Any CPU
		{E4C34864-2654-4DD3-992C-AA56AB141016}.Debug|Any CPU.ActiveCfg = Debug|Any CPU
		{E4C34864-2654-4DD3-992C-AA56AB141016}.Debug|Any CPU.Build.0 = Debug|Any CPU
		{E4C34864-2654-4DD3-992C-AA56AB141016}.Release|Any CPU.ActiveCfg = Release|Any CPU
		{E4C34864-2654-4DD3-992C-AA56AB141016}.Release|Any CPU.Build.0 = Release|Any CPU
		{51222BCB-E855-4CF5-9BB0-4049EE035E54}.Debug|Any CPU.ActiveCfg = Debug|Any CPU
		{51222BCB-E855-4CF5-9BB0-4049EE035E54}.Debug|Any CPU.Build.0 = Debug|Any CPU
		{51222BCB-E855-4CF5-9BB0-4049EE035E54}.Release|Any CPU.ActiveCfg = Release|Any CPU
		{51222BCB-E855-4CF5-9BB0-4049EE035E54}.Release|Any CPU.Build.0 = Release|Any CPU
		{47D62E55-5A98-466A-BD34-54E1FC6BD8F5}.Debug|Any CPU.ActiveCfg = Debug|Any CPU
		{47D62E55-5A98-466A-BD34-54E1FC6BD8F5}.Debug|Any CPU.Build.0 = Debug|Any CPU
		{47D62E55-5A98-466A-BD34-54E1FC6BD8F5}.Release|Any CPU.ActiveCfg = Release|Any CPU
		{47D62E55-5A98-466A-BD34-54E1FC6BD8F5}.Release|Any CPU.Build.0 = Release|Any CPU
		{00BE907B-3852-480F-9ABC-5B4C5D4595B6}.Debug|Any CPU.ActiveCfg = Debug|Any CPU
		{00BE907B-3852-480F-9ABC-5B4C5D4595B6}.Debug|Any CPU.Build.0 = Debug|Any CPU
		{00BE907B-3852-480F-9ABC-5B4C5D4595B6}.Release|Any CPU.ActiveCfg = Release|Any CPU
		{00BE907B-3852-480F-9ABC-5B4C5D4595B6}.Release|Any CPU.Build.0 = Release|Any CPU
		{A8025C4F-667A-4996-86E1-7A7F6B787447}.Debug|Any CPU.ActiveCfg = Debug|Any CPU
		{A8025C4F-667A-4996-86E1-7A7F6B787447}.Debug|Any CPU.Build.0 = Debug|Any CPU
		{A8025C4F-667A-4996-86E1-7A7F6B787447}.Release|Any CPU.ActiveCfg = Release|Any CPU
		{A8025C4F-667A-4996-86E1-7A7F6B787447}.Release|Any CPU.Build.0 = Release|Any CPU
		{178F43C4-5A62-4BF5-9173-751B0B25352E}.Debug|Any CPU.ActiveCfg = Debug|Any CPU
		{178F43C4-5A62-4BF5-9173-751B0B25352E}.Debug|Any CPU.Build.0 = Debug|Any CPU
		{178F43C4-5A62-4BF5-9173-751B0B25352E}.Release|Any CPU.ActiveCfg = Release|Any CPU
		{178F43C4-5A62-4BF5-9173-751B0B25352E}.Release|Any CPU.Build.0 = Release|Any CPU
		{E086F88C-C9D8-43F0-B6D6-57D8BE2CC345}.Debug|Any CPU.ActiveCfg = Debug|Any CPU
		{E086F88C-C9D8-43F0-B6D6-57D8BE2CC345}.Debug|Any CPU.Build.0 = Debug|Any CPU
		{E086F88C-C9D8-43F0-B6D6-57D8BE2CC345}.Release|Any CPU.ActiveCfg = Release|Any CPU
		{E086F88C-C9D8-43F0-B6D6-57D8BE2CC345}.Release|Any CPU.Build.0 = Release|Any CPU
		{3EE28636-0818-408D-9409-F70A48479F4F}.Debug|Any CPU.ActiveCfg = Debug|Any CPU
		{3EE28636-0818-408D-9409-F70A48479F4F}.Debug|Any CPU.Build.0 = Debug|Any CPU
		{3EE28636-0818-408D-9409-F70A48479F4F}.Release|Any CPU.ActiveCfg = Release|Any CPU
		{3EE28636-0818-408D-9409-F70A48479F4F}.Release|Any CPU.Build.0 = Release|Any CPU
		{8994A0CD-F82A-4EFF-BC43-B314CE273238}.Debug|Any CPU.ActiveCfg = Debug|Any CPU
		{8994A0CD-F82A-4EFF-BC43-B314CE273238}.Debug|Any CPU.Build.0 = Debug|Any CPU
		{8994A0CD-F82A-4EFF-BC43-B314CE273238}.Release|Any CPU.ActiveCfg = Release|Any CPU
		{8994A0CD-F82A-4EFF-BC43-B314CE273238}.Release|Any CPU.Build.0 = Release|Any CPU
		{52829664-67BD-4E26-B5E4-1D5E1FC5597B}.Debug|Any CPU.ActiveCfg = Debug|Any CPU
		{52829664-67BD-4E26-B5E4-1D5E1FC5597B}.Debug|Any CPU.Build.0 = Debug|Any CPU
		{52829664-67BD-4E26-B5E4-1D5E1FC5597B}.Release|Any CPU.ActiveCfg = Release|Any CPU
		{52829664-67BD-4E26-B5E4-1D5E1FC5597B}.Release|Any CPU.Build.0 = Release|Any CPU
		{849DBE3F-2A99-4EAF-B317-1F09AD0D232C}.Debug|Any CPU.ActiveCfg = Debug|Any CPU
		{849DBE3F-2A99-4EAF-B317-1F09AD0D232C}.Debug|Any CPU.Build.0 = Debug|Any CPU
		{849DBE3F-2A99-4EAF-B317-1F09AD0D232C}.Release|Any CPU.ActiveCfg = Release|Any CPU
		{849DBE3F-2A99-4EAF-B317-1F09AD0D232C}.Release|Any CPU.Build.0 = Release|Any CPU
		{29C653AB-FE45-4629-8FAE-5BD2D956AFAF}.Debug|Any CPU.ActiveCfg = Debug|Any CPU
		{29C653AB-FE45-4629-8FAE-5BD2D956AFAF}.Debug|Any CPU.Build.0 = Debug|Any CPU
		{29C653AB-FE45-4629-8FAE-5BD2D956AFAF}.Release|Any CPU.ActiveCfg = Release|Any CPU
		{29C653AB-FE45-4629-8FAE-5BD2D956AFAF}.Release|Any CPU.Build.0 = Release|Any CPU
		{2F644DAB-EBE5-4548-AF2A-DD43948503DE}.Debug|Any CPU.ActiveCfg = Debug|Any CPU
		{2F644DAB-EBE5-4548-AF2A-DD43948503DE}.Debug|Any CPU.Build.0 = Debug|Any CPU
		{2F644DAB-EBE5-4548-AF2A-DD43948503DE}.Release|Any CPU.ActiveCfg = Release|Any CPU
		{2F644DAB-EBE5-4548-AF2A-DD43948503DE}.Release|Any CPU.Build.0 = Release|Any CPU
		{39F25EA0-9404-44FF-B3E3-B9C1152C1A24}.Debug|Any CPU.ActiveCfg = Debug|Any CPU
		{39F25EA0-9404-44FF-B3E3-B9C1152C1A24}.Debug|Any CPU.Build.0 = Debug|Any CPU
		{39F25EA0-9404-44FF-B3E3-B9C1152C1A24}.Release|Any CPU.ActiveCfg = Release|Any CPU
		{39F25EA0-9404-44FF-B3E3-B9C1152C1A24}.Release|Any CPU.Build.0 = Release|Any CPU
	EndGlobalSection
	GlobalSection(SolutionProperties) = preSolution
		HideSolutionNode = FALSE
	EndGlobalSection
	GlobalSection(NestedProjects) = preSolution
		{6DCFD4C6-26FA-46F0-A959-16D9ACB40DD0} = {816692E7-24DC-46B5-97FB-D314B52D815D}
		{3722480D-43A7-4FB3-9227-E80D7F26C242} = {816692E7-24DC-46B5-97FB-D314B52D815D}
		{918F8D47-7BF5-4005-A92A-7B9C62D3EF7A} = {816692E7-24DC-46B5-97FB-D314B52D815D}
		{7ABF070C-A6F1-4588-BAD7-3BF0F0BA4BB5} = {816692E7-24DC-46B5-97FB-D314B52D815D}
		{D86A56DF-A18D-4051-A341-CBCEA5AE5E81} = {816692E7-24DC-46B5-97FB-D314B52D815D}
		{47D62E55-5A98-466A-BD34-54E1FC6BD8F5} = {816692E7-24DC-46B5-97FB-D314B52D815D}
		{00BE907B-3852-480F-9ABC-5B4C5D4595B6} = {EEE1C452-EDDF-47E2-842B-970E33C42FA5}
		{A8025C4F-667A-4996-86E1-7A7F6B787447} = {EEE1C452-EDDF-47E2-842B-970E33C42FA5}
		{178F43C4-5A62-4BF5-9173-751B0B25352E} = {816692E7-24DC-46B5-97FB-D314B52D815D}
		{3EE28636-0818-408D-9409-F70A48479F4F} = {EEE1C452-EDDF-47E2-842B-970E33C42FA5}
		{8994A0CD-F82A-4EFF-BC43-B314CE273238} = {816692E7-24DC-46B5-97FB-D314B52D815D}
	EndGlobalSection
EndGlobal
